// !$*UTF8*$!
{
	archiveVersion = 1;
	classes = {
	};
	objectVersion = 50;
	objects = {

/* Begin PBXBuildFile section */
		D0D53B952514E8E300A53936 /* AppDelegate.swift in Sources */ = {isa = PBXBuildFile; fileRef = D0D53B942514E8E300A53936 /* AppDelegate.swift */; };
		D0D53B972514E8E300A53936 /* SceneDelegate.swift in Sources */ = {isa = PBXBuildFile; fileRef = D0D53B962514E8E300A53936 /* SceneDelegate.swift */; };
		D0D53B992514E8E300A53936 /* ViewController.swift in Sources */ = {isa = PBXBuildFile; fileRef = D0D53B982514E8E300A53936 /* ViewController.swift */; };
		D0D53B9C2514E8E300A53936 /* Main.storyboard in Resources */ = {isa = PBXBuildFile; fileRef = D0D53B9A2514E8E300A53936 /* Main.storyboard */; };
		D0D53B9E2514E8E900A53936 /* Assets.xcassets in Resources */ = {isa = PBXBuildFile; fileRef = D0D53B9D2514E8E900A53936 /* Assets.xcassets */; };
		D0D53BA12514E8E900A53936 /* LaunchScreen.storyboard in Resources */ = {isa = PBXBuildFile; fileRef = D0D53B9F2514E8E900A53936 /* LaunchScreen.storyboard */; };
		D0D53BA92514E90600A53936 /* classAviao.swift in Sources */ = {isa = PBXBuildFile; fileRef = D0D53BA82514E90600A53936 /* classAviao.swift */; };
		D0D53BAB2514E92900A53936 /* classPessoaFisica.swift in Sources */ = {isa = PBXBuildFile; fileRef = D0D53BAA2514E92900A53936 /* classPessoaFisica.swift */; };
		D0D53BAD2514E93C00A53936 /* classPessoaJuridica.swift in Sources */ = {isa = PBXBuildFile; fileRef = D0D53BAC2514E93C00A53936 /* classPessoaJuridica.swift */; };
		D0D53BAF2514E94D00A53936 /* classPessoa.swift in Sources */ = {isa = PBXBuildFile; fileRef = D0D53BAE2514E94D00A53936 /* classPessoa.swift */; };
		D0D53BB12514E97100A53936 /* classCachorro.swift in Sources */ = {isa = PBXBuildFile; fileRef = D0D53BB02514E97100A53936 /* classCachorro.swift */; };
		D0D53BB32514E98700A53936 /* classCaneta.swift in Sources */ = {isa = PBXBuildFile; fileRef = D0D53BB22514E98700A53936 /* classCaneta.swift */; };
		D0D53BB52514ED0A00A53936 /* FormatadorProtocol.swift in Sources */ = {isa = PBXBuildFile; fileRef = D0D53BB42514ED0A00A53936 /* FormatadorProtocol.swift */; };
/* End PBXBuildFile section */

/* Begin PBXFileReference section */
		D0D53B912514E8E300A53936 /* SearchClasses.app */ = {isa = PBXFileReference; explicitFileType = wrapper.application; includeInIndex = 0; path = SearchClasses.app; sourceTree = BUILT_PRODUCTS_DIR; };
		D0D53B942514E8E300A53936 /* AppDelegate.swift */ = {isa = PBXFileReference; lastKnownFileType = sourcecode.swift; path = AppDelegate.swift; sourceTree = "<group>"; };
		D0D53B962514E8E300A53936 /* SceneDelegate.swift */ = {isa = PBXFileReference; lastKnownFileType = sourcecode.swift; path = SceneDelegate.swift; sourceTree = "<group>"; };
		D0D53B982514E8E300A53936 /* ViewController.swift */ = {isa = PBXFileReference; lastKnownFileType = sourcecode.swift; path = ViewController.swift; sourceTree = "<group>"; };
		D0D53B9B2514E8E300A53936 /* Base */ = {isa = PBXFileReference; lastKnownFileType = file.storyboard; name = Base; path = Base.lproj/Main.storyboard; sourceTree = "<group>"; };
		D0D53B9D2514E8E900A53936 /* Assets.xcassets */ = {isa = PBXFileReference; lastKnownFileType = folder.assetcatalog; path = Assets.xcassets; sourceTree = "<group>"; };
		D0D53BA02514E8E900A53936 /* Base */ = {isa = PBXFileReference; lastKnownFileType = file.storyboard; name = Base; path = Base.lproj/LaunchScreen.storyboard; sourceTree = "<group>"; };
		D0D53BA22514E8E900A53936 /* Info.plist */ = {isa = PBXFileReference; lastKnownFileType = text.plist.xml; path = Info.plist; sourceTree = "<group>"; };
		D0D53BA82514E90600A53936 /* classAviao.swift */ = {isa = PBXFileReference; lastKnownFileType = sourcecode.swift; path = classAviao.swift; sourceTree = "<group>"; };
		D0D53BAA2514E92900A53936 /* classPessoaFisica.swift */ = {isa = PBXFileReference; lastKnownFileType = sourcecode.swift; path = classPessoaFisica.swift; sourceTree = "<group>"; };
		D0D53BAC2514E93C00A53936 /* classPessoaJuridica.swift */ = {isa = PBXFileReference; lastKnownFileType = sourcecode.swift; path = classPessoaJuridica.swift; sourceTree = "<group>"; };
		D0D53BAE2514E94D00A53936 /* classPessoa.swift */ = {isa = PBXFileReference; lastKnownFileType = sourcecode.swift; path = classPessoa.swift; sourceTree = "<group>"; };
		D0D53BB02514E97100A53936 /* classCachorro.swift */ = {isa = PBXFileReference; lastKnownFileType = sourcecode.swift; path = classCachorro.swift; sourceTree = "<group>"; };
		D0D53BB22514E98700A53936 /* classCaneta.swift */ = {isa = PBXFileReference; lastKnownFileType = sourcecode.swift; path = classCaneta.swift; sourceTree = "<group>"; };
		D0D53BB42514ED0A00A53936 /* FormatadorProtocol.swift */ = {isa = PBXFileReference; lastKnownFileType = sourcecode.swift; path = FormatadorProtocol.swift; sourceTree = "<group>"; };
/* End PBXFileReference section */

/* Begin PBXFrameworksBuildPhase section */
		D0D53B8E2514E8E300A53936 /* Frameworks */ = {
			isa = PBXFrameworksBuildPhase;
			buildActionMask = 2147483647;
			files = (
			);
			runOnlyForDeploymentPostprocessing = 0;
		};
/* End PBXFrameworksBuildPhase section */

/* Begin PBXGroup section */
		D0C6D5FA251653730050D672 /* classes */ = {
			isa = PBXGroup;
			children = (
				D0D53BA82514E90600A53936 /* classAviao.swift */,
				D0D53BAA2514E92900A53936 /* classPessoaFisica.swift */,
				D0D53BAC2514E93C00A53936 /* classPessoaJuridica.swift */,
				D0D53BAE2514E94D00A53936 /* classPessoa.swift */,
				D0D53BB02514E97100A53936 /* classCachorro.swift */,
				D0D53BB22514E98700A53936 /* classCaneta.swift */,
			);
			path = classes;
			sourceTree = "<group>";
		};
		D0C6D5FD2516547F0050D672 /* protocol */ = {
			isa = PBXGroup;
			children = (
				D0D53BB42514ED0A00A53936 /* FormatadorProtocol.swift */,
			);
			path = protocol;
			sourceTree = "<group>";
		};
		D0D53B882514E8E300A53936 = {
			isa = PBXGroup;
			children = (
				D0D53B932514E8E300A53936 /* SearchClasses */,
				D0D53B922514E8E300A53936 /* Products */,
			);
			sourceTree = "<group>";
		};
		D0D53B922514E8E300A53936 /* Products */ = {
			isa = PBXGroup;
			children = (
				D0D53B912514E8E300A53936 /* SearchClasses.app */,
			);
			name = Products;
			sourceTree = "<group>";
		};
		D0D53B932514E8E300A53936 /* SearchClasses */ = {
			isa = PBXGroup;
			children = (
				D0C6D5FA251653730050D672 /* classes */,
				D0C6D5FD2516547F0050D672 /* protocol */,
				D0D53B942514E8E300A53936 /* AppDelegate.swift */,
				D0D53B962514E8E300A53936 /* SceneDelegate.swift */,
				D0D53B982514E8E300A53936 /* ViewController.swift */,
				D0D53B9A2514E8E300A53936 /* Main.storyboard */,
				D0D53B9D2514E8E900A53936 /* Assets.xcassets */,
				D0D53B9F2514E8E900A53936 /* LaunchScreen.storyboard */,
				D0D53BA22514E8E900A53936 /* Info.plist */,
			);
			path = SearchClasses;
			sourceTree = "<group>";
		};
/* End PBXGroup section */

/* Begin PBXNativeTarget section */
		D0D53B902514E8E300A53936 /* SearchClasses */ = {
			isa = PBXNativeTarget;
			buildConfigurationList = D0D53BA52514E8EA00A53936 /* Build configuration list for PBXNativeTarget "SearchClasses" */;
			buildPhases = (
				D0D53B8D2514E8E300A53936 /* Sources */,
				D0D53B8E2514E8E300A53936 /* Frameworks */,
				D0D53B8F2514E8E300A53936 /* Resources */,
			);
			buildRules = (
			);
			dependencies = (
			);
			name = SearchClasses;
			productName = SearchClasses;
			productReference = D0D53B912514E8E300A53936 /* SearchClasses.app */;
			productType = "com.apple.product-type.application";
		};
/* End PBXNativeTarget section */

/* Begin PBXProject section */
		D0D53B892514E8E300A53936 /* Project object */ = {
			isa = PBXProject;
			attributes = {
				LastSwiftUpdateCheck = 1170;
				LastUpgradeCheck = 1170;
				ORGANIZATIONNAME = "Michel Santos";
				TargetAttributes = {
					D0D53B902514E8E300A53936 = {
						CreatedOnToolsVersion = 11.7;
					};
				};
			};
			buildConfigurationList = D0D53B8C2514E8E300A53936 /* Build configuration list for PBXProject "SearchClasses" */;
			compatibilityVersion = "Xcode 9.3";
			developmentRegion = en;
			hasScannedForEncodings = 0;
			knownRegions = (
				en,
				Base,
			);
			mainGroup = D0D53B882514E8E300A53936;
			productRefGroup = D0D53B922514E8E300A53936 /* Products */;
			projectDirPath = "";
			projectRoot = "";
			targets = (
				D0D53B902514E8E300A53936 /* SearchClasses */,
			);
		};
/* End PBXProject section */

/* Begin PBXResourcesBuildPhase section */
		D0D53B8F2514E8E300A53936 /* Resources */ = {
			isa = PBXResourcesBuildPhase;
			buildActionMask = 2147483647;
			files = (
				D0D53BA12514E8E900A53936 /* LaunchScreen.storyboard in Resources */,
				D0D53B9E2514E8E900A53936 /* Assets.xcassets in Resources */,
				D0D53B9C2514E8E300A53936 /* Main.storyboard in Resources */,
			);
			runOnlyForDeploymentPostprocessing = 0;
		};
/* End PBXResourcesBuildPhase section */

/* Begin PBXSourcesBuildPhase section */
		D0D53B8D2514E8E300A53936 /* Sources */ = {
			isa = PBXSourcesBuildPhase;
			buildActionMask = 2147483647;
			files = (
				D0D53BB32514E98700A53936 /* classCaneta.swift in Sources */,
				D0D53BAD2514E93C00A53936 /* classPessoaJuridica.swift in Sources */,
				D0D53BB52514ED0A00A53936 /* FormatadorProtocol.swift in Sources */,
				D0D53BAB2514E92900A53936 /* classPessoaFisica.swift in Sources */,
				D0D53BAF2514E94D00A53936 /* classPessoa.swift in Sources */,
				D0D53B992514E8E300A53936 /* ViewController.swift in Sources */,
				D0D53BA92514E90600A53936 /* classAviao.swift in Sources */,
				D0D53BB12514E97100A53936 /* classCachorro.swift in Sources */,
				D0D53B952514E8E300A53936 /* AppDelegate.swift in Sources */,
				D0D53B972514E8E300A53936 /* SceneDelegate.swift in Sources */,
			);
			runOnlyForDeploymentPostprocessing = 0;
		};
/* End PBXSourcesBuildPhase section */

/* Begin PBXVariantGroup section */
		D0D53B9A2514E8E300A53936 /* Main.storyboard */ = {
			isa = PBXVariantGroup;
			children = (
				D0D53B9B2514E8E300A53936 /* Base */,
			);
			name = Main.storyboard;
			sourceTree = "<group>";
		};
		D0D53B9F2514E8E900A53936 /* LaunchScreen.storyboard */ = {
			isa = PBXVariantGroup;
			children = (
				D0D53BA02514E8E900A53936 /* Base */,
			);
			name = LaunchScreen.storyboard;
			sourceTree = "<group>";
		};
/* End PBXVariantGroup section */

/* Begin XCBuildConfiguration section */
		D0D53BA32514E8E900A53936 /* Debug */ = {
			isa = XCBuildConfiguration;
			buildSettings = {
				ALWAYS_SEARCH_USER_PATHS = NO;
				CLANG_ANALYZER_NONNULL = YES;
				CLANG_ANALYZER_NUMBER_OBJECT_CONVERSION = YES_AGGRESSIVE;
				CLANG_CXX_LANGUAGE_STANDARD = "gnu++14";
				CLANG_CXX_LIBRARY = "libc++";
				CLANG_ENABLE_MODULES = YES;
				CLANG_ENABLE_OBJC_ARC = YES;
				CLANG_ENABLE_OBJC_WEAK = YES;
				CLANG_WARN_BLOCK_CAPTURE_AUTORELEASING = YES;
				CLANG_WARN_BOOL_CONVERSION = YES;
				CLANG_WARN_COMMA = YES;
				CLANG_WARN_CONSTANT_CONVERSION = YES;
				CLANG_WARN_DEPRECATED_OBJC_IMPLEMENTATIONS = YES;
				CLANG_WARN_DIRECT_OBJC_ISA_USAGE = YES_ERROR;
				CLANG_WARN_DOCUMENTATION_COMMENTS = YES;
				CLANG_WARN_EMPTY_BODY = YES;
				CLANG_WARN_ENUM_CONVERSION = YES;
				CLANG_WARN_INFINITE_RECURSION = YES;
				CLANG_WARN_INT_CONVERSION = YES;
				CLANG_WARN_NON_LITERAL_NULL_CONVERSION = YES;
				CLANG_WARN_OBJC_IMPLICIT_RETAIN_SELF = YES;
				CLANG_WARN_OBJC_LITERAL_CONVERSION = YES;
				CLANG_WARN_OBJC_ROOT_CLASS = YES_ERROR;
				CLANG_WARN_RANGE_LOOP_ANALYSIS = YES;
				CLANG_WARN_STRICT_PROTOTYPES = YES;
				CLANG_WARN_SUSPICIOUS_MOVE = YES;
				CLANG_WARN_UNGUARDED_AVAILABILITY = YES_AGGRESSIVE;
				CLANG_WARN_UNREACHABLE_CODE = YES;
				CLANG_WARN__DUPLICATE_METHOD_MATCH = YES;
				COPY_PHASE_STRIP = NO;
				DEBUG_INFORMATION_FORMAT = dwarf;
				ENABLE_STRICT_OBJC_MSGSEND = YES;
				ENABLE_TESTABILITY = YES;
				GCC_C_LANGUAGE_STANDARD = gnu11;
				GCC_DYNAMIC_NO_PIC = NO;
				GCC_NO_COMMON_BLOCKS = YES;
				GCC_OPTIMIZATION_LEVEL = 0;
				GCC_PREPROCESSOR_DEFINITIONS = (
					"DEBUG=1",
					"$(inherited)",
				);
				GCC_WARN_64_TO_32_BIT_CONVERSION = YES;
				GCC_WARN_ABOUT_RETURN_TYPE = YES_ERROR;
				GCC_WARN_UNDECLARED_SELECTOR = YES;
				GCC_WARN_UNINITIALIZED_AUTOS = YES_AGGRESSIVE;
				GCC_WARN_UNUSED_FUNCTION = YES;
				GCC_WARN_UNUSED_VARIABLE = YES;
				IPHONEOS_DEPLOYMENT_TARGET = 13.7;
				MTL_ENABLE_DEBUG_INFO = INCLUDE_SOURCE;
				MTL_FAST_MATH = YES;
				ONLY_ACTIVE_ARCH = YES;
				SDKROOT = iphoneos;
				SWIFT_ACTIVE_COMPILATION_CONDITIONS = DEBUG;
				SWIFT_OPTIMIZATION_LEVEL = "-Onone";
			};
			name = Debug;
		};
		D0D53BA42514E8E900A53936 /* Release */ = {
			isa = XCBuildConfiguration;
			buildSettings = {
				ALWAYS_SEARCH_USER_PATHS = NO;
				CLANG_ANALYZER_NONNULL = YES;
				CLANG_ANALYZER_NUMBER_OBJECT_CONVERSION = YES_AGGRESSIVE;
				CLANG_CXX_LANGUAGE_STANDARD = "gnu++14";
				CLANG_CXX_LIBRARY = "libc++";
				CLANG_ENABLE_MODULES = YES;
				CLANG_ENABLE_OBJC_ARC = YES;
				CLANG_ENABLE_OBJC_WEAK = YES;
				CLANG_WARN_BLOCK_CAPTURE_AUTORELEASING = YES;
				CLANG_WARN_BOOL_CONVERSION = YES;
				CLANG_WARN_COMMA = YES;
				CLANG_WARN_CONSTANT_CONVERSION = YES;
				CLANG_WARN_DEPRECATED_OBJC_IMPLEMENTATIONS = YES;
				CLANG_WARN_DIRECT_OBJC_ISA_USAGE = YES_ERROR;
				CLANG_WARN_DOCUMENTATION_COMMENTS = YES;
				CLANG_WARN_EMPTY_BODY = YES;
				CLANG_WARN_ENUM_CONVERSION = YES;
				CLANG_WARN_INFINITE_RECURSION = YES;
				CLANG_WARN_INT_CONVERSION = YES;
				CLANG_WARN_NON_LITERAL_NULL_CONVERSION = YES;
				CLANG_WARN_OBJC_IMPLICIT_RETAIN_SELF = YES;
				CLANG_WARN_OBJC_LITERAL_CONVERSION = YES;
				CLANG_WARN_OBJC_ROOT_CLASS = YES_ERROR;
				CLANG_WARN_RANGE_LOOP_ANALYSIS = YES;
				CLANG_WARN_STRICT_PROTOTYPES = YES;
				CLANG_WARN_SUSPICIOUS_MOVE = YES;
				CLANG_WARN_UNGUARDED_AVAILABILITY = YES_AGGRESSIVE;
				CLANG_WARN_UNREACHABLE_CODE = YES;
				CLANG_WARN__DUPLICATE_METHOD_MATCH = YES;
				COPY_PHASE_STRIP = NO;
				DEBUG_INFORMATION_FORMAT = "dwarf-with-dsym";
				ENABLE_NS_ASSERTIONS = NO;
				ENABLE_STRICT_OBJC_MSGSEND = YES;
				GCC_C_LANGUAGE_STANDARD = gnu11;
				GCC_NO_COMMON_BLOCKS = YES;
				GCC_WARN_64_TO_32_BIT_CONVERSION = YES;
				GCC_WARN_ABOUT_RETURN_TYPE = YES_ERROR;
				GCC_WARN_UNDECLARED_SELECTOR = YES;
				GCC_WARN_UNINITIALIZED_AUTOS = YES_AGGRESSIVE;
				GCC_WARN_UNUSED_FUNCTION = YES;
				GCC_WARN_UNUSED_VARIABLE = YES;
				IPHONEOS_DEPLOYMENT_TARGET = 13.7;
				MTL_ENABLE_DEBUG_INFO = NO;
				MTL_FAST_MATH = YES;
				SDKROOT = iphoneos;
				SWIFT_COMPILATION_MODE = wholemodule;
				SWIFT_OPTIMIZATION_LEVEL = "-O";
				VALIDATE_PRODUCT = YES;
			};
			name = Release;
		};
		D0D53BA62514E8EA00A53936 /* Debug */ = {
			isa = XCBuildConfiguration;
			buildSettings = {
				ASSETCATALOG_COMPILER_APPICON_NAME = AppIcon;
				CODE_SIGN_STYLE = Automatic;
				INFOPLIST_FILE = SearchClasses/Info.plist;
				LD_RUNPATH_SEARCH_PATHS = (
					"$(inherited)",
					"@executable_path/Frameworks",
				);
				PRODUCT_BUNDLE_IDENTIFIER = com.michelsantos.SearchClasses;
				PRODUCT_NAME = "$(TARGET_NAME)";
				SWIFT_VERSION = 5.0;
				TARGETED_DEVICE_FAMILY = "1,2";
			};
			name = Debug;
		};
		D0D53BA72514E8EA00A53936 /* Release */ = {
			isa = XCBuildConfiguration;
			buildSettings = {
				ASSETCATALOG_COMPILER_APPICON_NAME = AppIcon;
				CODE_SIGN_STYLE = Automatic;
				INFOPLIST_FILE = SearchClasses/Info.plist;
				LD_RUNPATH_SEARCH_PATHS = (
					"$(inherited)",
					"@executable_path/Frameworks",
				);
				PRODUCT_BUNDLE_IDENTIFIER = com.michelsantos.SearchClasses;
				PRODUCT_NAME = "$(TARGET_NAME)";
				SWIFT_VERSION = 5.0;
				TARGETED_DEVICE_FAMILY = "1,2";
			};
			name = Release;
		};
/* End XCBuildConfiguration section */

/* Begin XCConfigurationList section */
		D0D53B8C2514E8E300A53936 /* Build configuration list for PBXProject "SearchClasses" */ = {
			isa = XCConfigurationList;
			buildConfigurations = (
				D0D53BA32514E8E900A53936 /* Debug */,
				D0D53BA42514E8E900A53936 /* Release */,
			);
			defaultConfigurationIsVisible = 0;
			defaultConfigurationName = Release;
		};
		D0D53BA52514E8EA00A53936 /* Build configuration list for PBXNativeTarget "SearchClasses" */ = {
			isa = XCConfigurationList;
			buildConfigurations = (
				D0D53BA62514E8EA00A53936 /* Debug */,
				D0D53BA72514E8EA00A53936 /* Release */,
			);
			defaultConfigurationIsVisible = 0;
			defaultConfigurationName = Release;
		};
/* End XCConfigurationList section */
	};
	rootObject = D0D53B892514E8E300A53936 /* Project object */;
}
