// !$*UTF8*$!
{
	archiveVersion = 1;
	classes = {
	};
	objectVersion = 50;
	objects = {

/* Begin PBXBuildFile section */
		D03F0D3D2522BB4900FBCF02 /* AppDelegate.swift in Sources */ = {isa = PBXBuildFile; fileRef = D03F0D3C2522BB4900FBCF02 /* AppDelegate.swift */; };
		D03F0D3F2522BB4900FBCF02 /* SceneDelegate.swift in Sources */ = {isa = PBXBuildFile; fileRef = D03F0D3E2522BB4900FBCF02 /* SceneDelegate.swift */; };
		D03F0D412522BB4900FBCF02 /* ViewController.swift in Sources */ = {isa = PBXBuildFile; fileRef = D03F0D402522BB4900FBCF02 /* ViewController.swift */; };
		D03F0D442522BB4900FBCF02 /* Main.storyboard in Resources */ = {isa = PBXBuildFile; fileRef = D03F0D422522BB4900FBCF02 /* Main.storyboard */; };
		D03F0D462522BB4A00FBCF02 /* Assets.xcassets in Resources */ = {isa = PBXBuildFile; fileRef = D03F0D452522BB4A00FBCF02 /* Assets.xcassets */; };
		D03F0D492522BB4A00FBCF02 /* LaunchScreen.storyboard in Resources */ = {isa = PBXBuildFile; fileRef = D03F0D472522BB4A00FBCF02 /* LaunchScreen.storyboard */; };
		D03F0D532522BD1800FBCF02 /* Developer.swift in Sources */ = {isa = PBXBuildFile; fileRef = D03F0D522522BD1800FBCF02 /* Developer.swift */; };
		D03F0D562522C04400FBCF02 /* DeveloperCell.swift in Sources */ = {isa = PBXBuildFile; fileRef = D03F0D552522C04400FBCF02 /* DeveloperCell.swift */; };
		D03F0D5A2522C4F600FBCF02 /* michel.jpeg in Resources */ = {isa = PBXBuildFile; fileRef = D03F0D592522C4F600FBCF02 /* michel.jpeg */; };
		D03F0D5E2522CBCC00FBCF02 /* dani.jpg in Resources */ = {isa = PBXBuildFile; fileRef = D03F0D5D2522CBCC00FBCF02 /* dani.jpg */; };
		D03F0D612522CC4A00FBCF02 /* jorge.jpeg in Resources */ = {isa = PBXBuildFile; fileRef = D03F0D602522CC4A00FBCF02 /* jorge.jpeg */; };
		D03F0D642522CC6800FBCF02 /* marcela.jpeg in Resources */ = {isa = PBXBuildFile; fileRef = D03F0D632522CC6800FBCF02 /* marcela.jpeg */; };
		D03F0D672522D0CC00FBCF02 /* narlei.jpeg in Resources */ = {isa = PBXBuildFile; fileRef = D03F0D662522D0CC00FBCF02 /* narlei.jpeg */; };
/* End PBXBuildFile section */

/* Begin PBXFileReference section */
		D03F0D392522BB4900FBCF02 /* desafioTableView.app */ = {isa = PBXFileReference; explicitFileType = wrapper.application; includeInIndex = 0; path = desafioTableView.app; sourceTree = BUILT_PRODUCTS_DIR; };
		D03F0D3C2522BB4900FBCF02 /* AppDelegate.swift */ = {isa = PBXFileReference; lastKnownFileType = sourcecode.swift; path = AppDelegate.swift; sourceTree = "<group>"; };
		D03F0D3E2522BB4900FBCF02 /* SceneDelegate.swift */ = {isa = PBXFileReference; lastKnownFileType = sourcecode.swift; path = SceneDelegate.swift; sourceTree = "<group>"; };
		D03F0D402522BB4900FBCF02 /* ViewController.swift */ = {isa = PBXFileReference; lastKnownFileType = sourcecode.swift; path = ViewController.swift; sourceTree = "<group>"; };
		D03F0D432522BB4900FBCF02 /* Base */ = {isa = PBXFileReference; lastKnownFileType = file.storyboard; name = Base; path = Base.lproj/Main.storyboard; sourceTree = "<group>"; };
		D03F0D452522BB4A00FBCF02 /* Assets.xcassets */ = {isa = PBXFileReference; lastKnownFileType = folder.assetcatalog; path = Assets.xcassets; sourceTree = "<group>"; };
		D03F0D482522BB4A00FBCF02 /* Base */ = {isa = PBXFileReference; lastKnownFileType = file.storyboard; name = Base; path = Base.lproj/LaunchScreen.storyboard; sourceTree = "<group>"; };
		D03F0D4A2522BB4A00FBCF02 /* Info.plist */ = {isa = PBXFileReference; lastKnownFileType = text.plist.xml; path = Info.plist; sourceTree = "<group>"; };
		D03F0D522522BD1800FBCF02 /* Developer.swift */ = {isa = PBXFileReference; lastKnownFileType = sourcecode.swift; path = Developer.swift; sourceTree = "<group>"; };
		D03F0D552522C04400FBCF02 /* DeveloperCell.swift */ = {isa = PBXFileReference; lastKnownFileType = sourcecode.swift; path = DeveloperCell.swift; sourceTree = "<group>"; };
		D03F0D592522C4F600FBCF02 /* michel.jpeg */ = {isa = PBXFileReference; lastKnownFileType = image.jpeg; path = michel.jpeg; sourceTree = "<group>"; };
		D03F0D5D2522CBCC00FBCF02 /* dani.jpg */ = {isa = PBXFileReference; lastKnownFileType = image.jpeg; path = dani.jpg; sourceTree = "<group>"; };
		D03F0D602522CC4A00FBCF02 /* jorge.jpeg */ = {isa = PBXFileReference; lastKnownFileType = image.jpeg; path = jorge.jpeg; sourceTree = "<group>"; };
		D03F0D632522CC6800FBCF02 /* marcela.jpeg */ = {isa = PBXFileReference; lastKnownFileType = image.jpeg; path = marcela.jpeg; sourceTree = "<group>"; };
		D03F0D662522D0CC00FBCF02 /* narlei.jpeg */ = {isa = PBXFileReference; lastKnownFileType = image.jpeg; path = narlei.jpeg; sourceTree = "<group>"; };
/* End PBXFileReference section */

/* Begin PBXFrameworksBuildPhase section */
		D03F0D362522BB4900FBCF02 /* Frameworks */ = {
			isa = PBXFrameworksBuildPhase;
			buildActionMask = 2147483647;
			files = (
			);
			runOnlyForDeploymentPostprocessing = 0;
		};
/* End PBXFrameworksBuildPhase section */

/* Begin PBXGroup section */
		D03F0D302522BB4900FBCF02 = {
			isa = PBXGroup;
			children = (
				D03F0D3B2522BB4900FBCF02 /* desafioTableView */,
				D03F0D3A2522BB4900FBCF02 /* Products */,
			);
			sourceTree = "<group>";
		};
		D03F0D3A2522BB4900FBCF02 /* Products */ = {
			isa = PBXGroup;
			children = (
				D03F0D392522BB4900FBCF02 /* desafioTableView.app */,
			);
			name = Products;
			sourceTree = "<group>";
		};
		D03F0D3B2522BB4900FBCF02 /* desafioTableView */ = {
			isa = PBXGroup;
			children = (
				D03F0D512522BCFE00FBCF02 /* Class */,
				D03F0D3C2522BB4900FBCF02 /* AppDelegate.swift */,
				D03F0D3E2522BB4900FBCF02 /* SceneDelegate.swift */,
				D03F0D402522BB4900FBCF02 /* ViewController.swift */,
				D03F0D422522BB4900FBCF02 /* Main.storyboard */,
				D03F0D452522BB4A00FBCF02 /* Assets.xcassets */,
				D03F0D472522BB4A00FBCF02 /* LaunchScreen.storyboard */,
				D03F0D4A2522BB4A00FBCF02 /* Info.plist */,
				D03F0D552522C04400FBCF02 /* DeveloperCell.swift */,
				D065FDBC2524219F00740232 /* images */,
			);
			path = desafioTableView;
			sourceTree = "<group>";
		};
		D03F0D512522BCFE00FBCF02 /* Class */ = {
			isa = PBXGroup;
			children = (
				D03F0D522522BD1800FBCF02 /* Developer.swift */,
			);
			path = Class;
			sourceTree = "<group>";
		};
		D065FDBC2524219F00740232 /* images */ = {
			isa = PBXGroup;
			children = (
				D03F0D592522C4F600FBCF02 /* michel.jpeg */,
				D03F0D5D2522CBCC00FBCF02 /* dani.jpg */,
				D03F0D602522CC4A00FBCF02 /* jorge.jpeg */,
				D03F0D632522CC6800FBCF02 /* marcela.jpeg */,
				D03F0D662522D0CC00FBCF02 /* narlei.jpeg */,
			);
			path = images;
			sourceTree = "<group>";
		};
/* End PBXGroup section */

/* Begin PBXNativeTarget section */
		D03F0D382522BB4900FBCF02 /* desafioTableView */ = {
			isa = PBXNativeTarget;
			buildConfigurationList = D03F0D4D2522BB4A00FBCF02 /* Build configuration list for PBXNativeTarget "desafioTableView" */;
			buildPhases = (
				D03F0D352522BB4900FBCF02 /* Sources */,
				D03F0D362522BB4900FBCF02 /* Frameworks */,
				D03F0D372522BB4900FBCF02 /* Resources */,
			);
			buildRules = (
			);
			dependencies = (
			);
			name = desafioTableView;
			productName = desafioTableView;
			productReference = D03F0D392522BB4900FBCF02 /* desafioTableView.app */;
			productType = "com.apple.product-type.application";
		};
/* End PBXNativeTarget section */

/* Begin PBXProject section */
		D03F0D312522BB4900FBCF02 /* Project object */ = {
			isa = PBXProject;
			attributes = {
				LastSwiftUpdateCheck = 1200;
				LastUpgradeCheck = 1200;
				TargetAttributes = {
					D03F0D382522BB4900FBCF02 = {
						CreatedOnToolsVersion = 12.0;
					};
				};
			};
			buildConfigurationList = D03F0D342522BB4900FBCF02 /* Build configuration list for PBXProject "desafioTableView" */;
			compatibilityVersion = "Xcode 9.3";
			developmentRegion = en;
			hasScannedForEncodings = 0;
			knownRegions = (
				en,
				Base,
			);
			mainGroup = D03F0D302522BB4900FBCF02;
			productRefGroup = D03F0D3A2522BB4900FBCF02 /* Products */;
			projectDirPath = "";
			projectRoot = "";
			targets = (
				D03F0D382522BB4900FBCF02 /* desafioTableView */,
			);
		};
/* End PBXProject section */

/* Begin PBXResourcesBuildPhase section */
		D03F0D372522BB4900FBCF02 /* Resources */ = {
			isa = PBXResourcesBuildPhase;
			buildActionMask = 2147483647;
			files = (
				D03F0D492522BB4A00FBCF02 /* LaunchScreen.storyboard in Resources */,
				D03F0D642522CC6800FBCF02 /* marcela.jpeg in Resources */,
				D03F0D672522D0CC00FBCF02 /* narlei.jpeg in Resources */,
				D03F0D5E2522CBCC00FBCF02 /* dani.jpg in Resources */,
				D03F0D5A2522C4F600FBCF02 /* michel.jpeg in Resources */,
				D03F0D612522CC4A00FBCF02 /* jorge.jpeg in Resources */,
				D03F0D462522BB4A00FBCF02 /* Assets.xcassets in Resources */,
				D03F0D442522BB4900FBCF02 /* Main.storyboard in Resources */,
			);
			runOnlyForDeploymentPostprocessing = 0;
		};
/* End PBXResourcesBuildPhase section */

/* Begin PBXSourcesBuildPhase section */
		D03F0D352522BB4900FBCF02 /* Sources */ = {
			isa = PBXSourcesBuildPhase;
			buildActionMask = 2147483647;
			files = (
				D03F0D562522C04400FBCF02 /* DeveloperCell.swift in Sources */,
				D03F0D532522BD1800FBCF02 /* Developer.swift in Sources */,
				D03F0D412522BB4900FBCF02 /* ViewController.swift in Sources */,
				D03F0D3D2522BB4900FBCF02 /* AppDelegate.swift in Sources */,
				D03F0D3F2522BB4900FBCF02 /* SceneDelegate.swift in Sources */,
			);
			runOnlyForDeploymentPostprocessing = 0;
		};
/* End PBXSourcesBuildPhase section */

/* Begin PBXVariantGroup section */
		D03F0D422522BB4900FBCF02 /* Main.storyboard */ = {
			isa = PBXVariantGroup;
			children = (
				D03F0D432522BB4900FBCF02 /* Base */,
			);
			name = Main.storyboard;
			sourceTree = "<group>";
		};
		D03F0D472522BB4A00FBCF02 /* LaunchScreen.storyboard */ = {
			isa = PBXVariantGroup;
			children = (
				D03F0D482522BB4A00FBCF02 /* Base */,
			);
			name = LaunchScreen.storyboard;
			sourceTree = "<group>";
		};
/* End PBXVariantGroup section */

/* Begin XCBuildConfiguration section */
		D03F0D4B2522BB4A00FBCF02 /* Debug */ = {
			isa = XCBuildConfiguration;
			buildSettings = {
				ALWAYS_SEARCH_USER_PATHS = NO;
				CLANG_ANALYZER_NONNULL = YES;
				CLANG_ANALYZER_NUMBER_OBJECT_CONVERSION = YES_AGGRESSIVE;
				CLANG_CXX_LANGUAGE_STANDARD = "gnu++14";
				CLANG_CXX_LIBRARY = "libc++";
				CLANG_ENABLE_MODULES = YES;
				CLANG_ENABLE_OBJC_ARC = YES;
				CLANG_ENABLE_OBJC_WEAK = YES;
				CLANG_WARN_BLOCK_CAPTURE_AUTORELEASING = YES;
				CLANG_WARN_BOOL_CONVERSION = YES;
				CLANG_WARN_COMMA = YES;
				CLANG_WARN_CONSTANT_CONVERSION = YES;
				CLANG_WARN_DEPRECATED_OBJC_IMPLEMENTATIONS = YES;
				CLANG_WARN_DIRECT_OBJC_ISA_USAGE = YES_ERROR;
				CLANG_WARN_DOCUMENTATION_COMMENTS = YES;
				CLANG_WARN_EMPTY_BODY = YES;
				CLANG_WARN_ENUM_CONVERSION = YES;
				CLANG_WARN_INFINITE_RECURSION = YES;
				CLANG_WARN_INT_CONVERSION = YES;
				CLANG_WARN_NON_LITERAL_NULL_CONVERSION = YES;
				CLANG_WARN_OBJC_IMPLICIT_RETAIN_SELF = YES;
				CLANG_WARN_OBJC_LITERAL_CONVERSION = YES;
				CLANG_WARN_OBJC_ROOT_CLASS = YES_ERROR;
				CLANG_WARN_QUOTED_INCLUDE_IN_FRAMEWORK_HEADER = YES;
				CLANG_WARN_RANGE_LOOP_ANALYSIS = YES;
				CLANG_WARN_STRICT_PROTOTYPES = YES;
				CLANG_WARN_SUSPICIOUS_MOVE = YES;
				CLANG_WARN_UNGUARDED_AVAILABILITY = YES_AGGRESSIVE;
				CLANG_WARN_UNREACHABLE_CODE = YES;
				CLANG_WARN__DUPLICATE_METHOD_MATCH = YES;
				COPY_PHASE_STRIP = NO;
				DEBUG_INFORMATION_FORMAT = dwarf;
				ENABLE_STRICT_OBJC_MSGSEND = YES;
				ENABLE_TESTABILITY = YES;
				GCC_C_LANGUAGE_STANDARD = gnu11;
				GCC_DYNAMIC_NO_PIC = NO;
				GCC_NO_COMMON_BLOCKS = YES;
				GCC_OPTIMIZATION_LEVEL = 0;
				GCC_PREPROCESSOR_DEFINITIONS = (
					"DEBUG=1",
					"$(inherited)",
				);
				GCC_WARN_64_TO_32_BIT_CONVERSION = YES;
				GCC_WARN_ABOUT_RETURN_TYPE = YES_ERROR;
				GCC_WARN_UNDECLARED_SELECTOR = YES;
				GCC_WARN_UNINITIALIZED_AUTOS = YES_AGGRESSIVE;
				GCC_WARN_UNUSED_FUNCTION = YES;
				GCC_WARN_UNUSED_VARIABLE = YES;
				IPHONEOS_DEPLOYMENT_TARGET = 14.0;
				MTL_ENABLE_DEBUG_INFO = INCLUDE_SOURCE;
				MTL_FAST_MATH = YES;
				ONLY_ACTIVE_ARCH = YES;
				SDKROOT = iphoneos;
				SWIFT_ACTIVE_COMPILATION_CONDITIONS = DEBUG;
				SWIFT_OPTIMIZATION_LEVEL = "-Onone";
			};
			name = Debug;
		};
		D03F0D4C2522BB4A00FBCF02 /* Release */ = {
			isa = XCBuildConfiguration;
			buildSettings = {
				ALWAYS_SEARCH_USER_PATHS = NO;
				CLANG_ANALYZER_NONNULL = YES;
				CLANG_ANALYZER_NUMBER_OBJECT_CONVERSION = YES_AGGRESSIVE;
				CLANG_CXX_LANGUAGE_STANDARD = "gnu++14";
				CLANG_CXX_LIBRARY = "libc++";
				CLANG_ENABLE_MODULES = YES;
				CLANG_ENABLE_OBJC_ARC = YES;
				CLANG_ENABLE_OBJC_WEAK = YES;
				CLANG_WARN_BLOCK_CAPTURE_AUTORELEASING = YES;
				CLANG_WARN_BOOL_CONVERSION = YES;
				CLANG_WARN_COMMA = YES;
				CLANG_WARN_CONSTANT_CONVERSION = YES;
				CLANG_WARN_DEPRECATED_OBJC_IMPLEMENTATIONS = YES;
				CLANG_WARN_DIRECT_OBJC_ISA_USAGE = YES_ERROR;
				CLANG_WARN_DOCUMENTATION_COMMENTS = YES;
				CLANG_WARN_EMPTY_BODY = YES;
				CLANG_WARN_ENUM_CONVERSION = YES;
				CLANG_WARN_INFINITE_RECURSION = YES;
				CLANG_WARN_INT_CONVERSION = YES;
				CLANG_WARN_NON_LITERAL_NULL_CONVERSION = YES;
				CLANG_WARN_OBJC_IMPLICIT_RETAIN_SELF = YES;
				CLANG_WARN_OBJC_LITERAL_CONVERSION = YES;
				CLANG_WARN_OBJC_ROOT_CLASS = YES_ERROR;
				CLANG_WARN_QUOTED_INCLUDE_IN_FRAMEWORK_HEADER = YES;
				CLANG_WARN_RANGE_LOOP_ANALYSIS = YES;
				CLANG_WARN_STRICT_PROTOTYPES = YES;
				CLANG_WARN_SUSPICIOUS_MOVE = YES;
				CLANG_WARN_UNGUARDED_AVAILABILITY = YES_AGGRESSIVE;
				CLANG_WARN_UNREACHABLE_CODE = YES;
				CLANG_WARN__DUPLICATE_METHOD_MATCH = YES;
				COPY_PHASE_STRIP = NO;
				DEBUG_INFORMATION_FORMAT = "dwarf-with-dsym";
				ENABLE_NS_ASSERTIONS = NO;
				ENABLE_STRICT_OBJC_MSGSEND = YES;
				GCC_C_LANGUAGE_STANDARD = gnu11;
				GCC_NO_COMMON_BLOCKS = YES;
				GCC_WARN_64_TO_32_BIT_CONVERSION = YES;
				GCC_WARN_ABOUT_RETURN_TYPE = YES_ERROR;
				GCC_WARN_UNDECLARED_SELECTOR = YES;
				GCC_WARN_UNINITIALIZED_AUTOS = YES_AGGRESSIVE;
				GCC_WARN_UNUSED_FUNCTION = YES;
				GCC_WARN_UNUSED_VARIABLE = YES;
				IPHONEOS_DEPLOYMENT_TARGET = 14.0;
				MTL_ENABLE_DEBUG_INFO = NO;
				MTL_FAST_MATH = YES;
				SDKROOT = iphoneos;
				SWIFT_COMPILATION_MODE = wholemodule;
				SWIFT_OPTIMIZATION_LEVEL = "-O";
				VALIDATE_PRODUCT = YES;
			};
			name = Release;
		};
		D03F0D4E2522BB4A00FBCF02 /* Debug */ = {
			isa = XCBuildConfiguration;
			buildSettings = {
				ASSETCATALOG_COMPILER_APPICON_NAME = AppIcon;
				ASSETCATALOG_COMPILER_GLOBAL_ACCENT_COLOR_NAME = AccentColor;
				CODE_SIGN_STYLE = Automatic;
				INFOPLIST_FILE = desafioTableView/Info.plist;
				LD_RUNPATH_SEARCH_PATHS = (
					"$(inherited)",
					"@executable_path/Frameworks",
				);
				PRODUCT_BUNDLE_IDENTIFIER = com.michelsantos.desafioTableView;
				PRODUCT_NAME = "$(TARGET_NAME)";
				SWIFT_VERSION = 5.0;
				TARGETED_DEVICE_FAMILY = "1,2";
			};
			name = Debug;
		};
		D03F0D4F2522BB4A00FBCF02 /* Release */ = {
			isa = XCBuildConfiguration;
			buildSettings = {
				ASSETCATALOG_COMPILER_APPICON_NAME = AppIcon;
				ASSETCATALOG_COMPILER_GLOBAL_ACCENT_COLOR_NAME = AccentColor;
				CODE_SIGN_STYLE = Automatic;
				INFOPLIST_FILE = desafioTableView/Info.plist;
				LD_RUNPATH_SEARCH_PATHS = (
					"$(inherited)",
					"@executable_path/Frameworks",
				);
				PRODUCT_BUNDLE_IDENTIFIER = com.michelsantos.desafioTableView;
				PRODUCT_NAME = "$(TARGET_NAME)";
				SWIFT_VERSION = 5.0;
				TARGETED_DEVICE_FAMILY = "1,2";
			};
			name = Release;
		};
/* End XCBuildConfiguration section */

/* Begin XCConfigurationList section */
		D03F0D342522BB4900FBCF02 /* Build configuration list for PBXProject "desafioTableView" */ = {
			isa = XCConfigurationList;
			buildConfigurations = (
				D03F0D4B2522BB4A00FBCF02 /* Debug */,
				D03F0D4C2522BB4A00FBCF02 /* Release */,
			);
			defaultConfigurationIsVisible = 0;
			defaultConfigurationName = Release;
		};
		D03F0D4D2522BB4A00FBCF02 /* Build configuration list for PBXNativeTarget "desafioTableView" */ = {
			isa = XCConfigurationList;
			buildConfigurations = (
				D03F0D4E2522BB4A00FBCF02 /* Debug */,
				D03F0D4F2522BB4A00FBCF02 /* Release */,
			);
			defaultConfigurationIsVisible = 0;
			defaultConfigurationName = Release;
		};
/* End XCConfigurationList section */
	};
	rootObject = D03F0D312522BB4900FBCF02 /* Project object */;
}
