// !$*UTF8*$!
{
	archiveVersion = 1;
	classes = {
	};
	objectVersion = 51;
	objects = {

/* Begin PBXBuildFile section */
		447421F1C1DB4C74CDAE675D /* Pods_11_18_challengeFipe.framework in Frameworks */ = {isa = PBXBuildFile; fileRef = 37A5DB2549A9DF4D21174318 /* Pods_11_18_challengeFipe.framework */; };
		D067549A2565A27800F71CCE /* AppDelegate.swift in Sources */ = {isa = PBXBuildFile; fileRef = D06754992565A27800F71CCE /* AppDelegate.swift */; };
		D067549C2565A27800F71CCE /* SceneDelegate.swift in Sources */ = {isa = PBXBuildFile; fileRef = D067549B2565A27800F71CCE /* SceneDelegate.swift */; };
		D06754A12565A27800F71CCE /* Brand.storyboard in Resources */ = {isa = PBXBuildFile; fileRef = D067549F2565A27800F71CCE /* Brand.storyboard */; };
		D06754A32565A27F00F71CCE /* Assets.xcassets in Resources */ = {isa = PBXBuildFile; fileRef = D06754A22565A27F00F71CCE /* Assets.xcassets */; };
		D06754A62565A27F00F71CCE /* LaunchScreen.storyboard in Resources */ = {isa = PBXBuildFile; fileRef = D06754A42565A27F00F71CCE /* LaunchScreen.storyboard */; };
		D06754B42565A49200F71CCE /* Brand.swift in Sources */ = {isa = PBXBuildFile; fileRef = D06754B32565A49200F71CCE /* Brand.swift */; };
		D06754B72565A59300F71CCE /* BrandController.swift in Sources */ = {isa = PBXBuildFile; fileRef = D06754B62565A59300F71CCE /* BrandController.swift */; };
		D06754BD2566036900F71CCE /* BrandViewController.swift in Sources */ = {isa = PBXBuildFile; fileRef = D06754BC2566036900F71CCE /* BrandViewController.swift */; };
		D06754C22566065500F71CCE /* BrandTableViewCell.swift in Sources */ = {isa = PBXBuildFile; fileRef = D06754C12566065500F71CCE /* BrandTableViewCell.swift */; };
		D0E93B89256671C400322962 /* BrandExtensionViewCntroller.swift in Sources */ = {isa = PBXBuildFile; fileRef = D0E93B88256671C400322962 /* BrandExtensionViewCntroller.swift */; };
		D0E93B90256673A200322962 /* Ano.swift in Sources */ = {isa = PBXBuildFile; fileRef = D0E93B8D256673A200322962 /* Ano.swift */; };
		D0E93B91256673A200322962 /* CarModel.swift in Sources */ = {isa = PBXBuildFile; fileRef = D0E93B8E256673A200322962 /* CarModel.swift */; };
		D0E93B92256673A200322962 /* Modelo.swift in Sources */ = {isa = PBXBuildFile; fileRef = D0E93B8F256673A200322962 /* Modelo.swift */; };
		D0E93B9A2566748100322962 /* CarModel.storyboard in Resources */ = {isa = PBXBuildFile; fileRef = D0E93B992566748100322962 /* CarModel.storyboard */; };
		D0E93B9E256674AE00322962 /* CarModelViewController.swift in Sources */ = {isa = PBXBuildFile; fileRef = D0E93B9D256674AE00322962 /* CarModelViewController.swift */; };
		D0E93BA1256674DD00322962 /* CarModelTableViewCell.swift in Sources */ = {isa = PBXBuildFile; fileRef = D0E93BA0256674DD00322962 /* CarModelTableViewCell.swift */; };
		D0E93BA72566F9D800322962 /* CarDetail.swift in Sources */ = {isa = PBXBuildFile; fileRef = D0E93BA62566F9D800322962 /* CarDetail.swift */; };
		D0E93BAE25674FDD00322962 /* ModelController.swift in Sources */ = {isa = PBXBuildFile; fileRef = D0E93BAD25674FDD00322962 /* ModelController.swift */; };
		D0E93BB32567DB2A00322962 /* CarModelExtension.swift in Sources */ = {isa = PBXBuildFile; fileRef = D0E93BB22567DB2A00322962 /* CarModelExtension.swift */; };
/* End PBXBuildFile section */

/* Begin PBXFileReference section */
		37A5DB2549A9DF4D21174318 /* Pods_11_18_challengeFipe.framework */ = {isa = PBXFileReference; explicitFileType = wrapper.framework; includeInIndex = 0; path = Pods_11_18_challengeFipe.framework; sourceTree = BUILT_PRODUCTS_DIR; };
		4175AB0C38F4E0ADE3AA4E24 /* Pods-11_18_challengeFipe.release.xcconfig */ = {isa = PBXFileReference; includeInIndex = 1; lastKnownFileType = text.xcconfig; name = "Pods-11_18_challengeFipe.release.xcconfig"; path = "Target Support Files/Pods-11_18_challengeFipe/Pods-11_18_challengeFipe.release.xcconfig"; sourceTree = "<group>"; };
		971B068AEE0D1D68E0177C85 /* Pods-11_18_challengeFipe.debug.xcconfig */ = {isa = PBXFileReference; includeInIndex = 1; lastKnownFileType = text.xcconfig; name = "Pods-11_18_challengeFipe.debug.xcconfig"; path = "Target Support Files/Pods-11_18_challengeFipe/Pods-11_18_challengeFipe.debug.xcconfig"; sourceTree = "<group>"; };
		D06754962565A27800F71CCE /* 11_18_challengeFipe.app */ = {isa = PBXFileReference; explicitFileType = wrapper.application; includeInIndex = 0; path = 11_18_challengeFipe.app; sourceTree = BUILT_PRODUCTS_DIR; };
		D06754992565A27800F71CCE /* AppDelegate.swift */ = {isa = PBXFileReference; lastKnownFileType = sourcecode.swift; path = AppDelegate.swift; sourceTree = "<group>"; };
		D067549B2565A27800F71CCE /* SceneDelegate.swift */ = {isa = PBXFileReference; lastKnownFileType = sourcecode.swift; path = SceneDelegate.swift; sourceTree = "<group>"; };
		D06754A02565A27800F71CCE /* Base */ = {isa = PBXFileReference; lastKnownFileType = file.storyboard; name = Base; path = Base.lproj/Brand.storyboard; sourceTree = "<group>"; };
		D06754A22565A27F00F71CCE /* Assets.xcassets */ = {isa = PBXFileReference; lastKnownFileType = folder.assetcatalog; path = Assets.xcassets; sourceTree = "<group>"; };
		D06754A52565A27F00F71CCE /* Base */ = {isa = PBXFileReference; lastKnownFileType = file.storyboard; name = Base; path = Base.lproj/LaunchScreen.storyboard; sourceTree = "<group>"; };
		D06754A72565A27F00F71CCE /* Info.plist */ = {isa = PBXFileReference; lastKnownFileType = text.plist.xml; path = Info.plist; sourceTree = "<group>"; };
		D06754B32565A49200F71CCE /* Brand.swift */ = {isa = PBXFileReference; fileEncoding = 4; lastKnownFileType = sourcecode.swift; path = Brand.swift; sourceTree = "<group>"; };
		D06754B62565A59300F71CCE /* BrandController.swift */ = {isa = PBXFileReference; lastKnownFileType = sourcecode.swift; path = BrandController.swift; sourceTree = "<group>"; };
		D06754BC2566036900F71CCE /* BrandViewController.swift */ = {isa = PBXFileReference; lastKnownFileType = sourcecode.swift; path = BrandViewController.swift; sourceTree = "<group>"; };
		D06754C12566065500F71CCE /* BrandTableViewCell.swift */ = {isa = PBXFileReference; lastKnownFileType = sourcecode.swift; path = BrandTableViewCell.swift; sourceTree = "<group>"; };
		D0E93B88256671C400322962 /* BrandExtensionViewCntroller.swift */ = {isa = PBXFileReference; lastKnownFileType = sourcecode.swift; path = BrandExtensionViewCntroller.swift; sourceTree = "<group>"; };
		D0E93B8D256673A200322962 /* Ano.swift */ = {isa = PBXFileReference; fileEncoding = 4; lastKnownFileType = sourcecode.swift; path = Ano.swift; sourceTree = "<group>"; };
		D0E93B8E256673A200322962 /* CarModel.swift */ = {isa = PBXFileReference; fileEncoding = 4; lastKnownFileType = sourcecode.swift; path = CarModel.swift; sourceTree = "<group>"; };
		D0E93B8F256673A200322962 /* Modelo.swift */ = {isa = PBXFileReference; fileEncoding = 4; lastKnownFileType = sourcecode.swift; path = Modelo.swift; sourceTree = "<group>"; };
		D0E93B992566748100322962 /* CarModel.storyboard */ = {isa = PBXFileReference; lastKnownFileType = file.storyboard; path = CarModel.storyboard; sourceTree = "<group>"; };
		D0E93B9D256674AE00322962 /* CarModelViewController.swift */ = {isa = PBXFileReference; lastKnownFileType = sourcecode.swift; path = CarModelViewController.swift; sourceTree = "<group>"; };
		D0E93BA0256674DD00322962 /* CarModelTableViewCell.swift */ = {isa = PBXFileReference; lastKnownFileType = sourcecode.swift; path = CarModelTableViewCell.swift; sourceTree = "<group>"; };
		D0E93BA62566F9D800322962 /* CarDetail.swift */ = {isa = PBXFileReference; fileEncoding = 4; lastKnownFileType = sourcecode.swift; path = CarDetail.swift; sourceTree = "<group>"; };
		D0E93BAD25674FDD00322962 /* ModelController.swift */ = {isa = PBXFileReference; lastKnownFileType = sourcecode.swift; path = ModelController.swift; sourceTree = "<group>"; };
		D0E93BB22567DB2A00322962 /* CarModelExtension.swift */ = {isa = PBXFileReference; lastKnownFileType = sourcecode.swift; path = CarModelExtension.swift; sourceTree = "<group>"; };
/* End PBXFileReference section */

/* Begin PBXFrameworksBuildPhase section */
		D06754932565A27800F71CCE /* Frameworks */ = {
			isa = PBXFrameworksBuildPhase;
			buildActionMask = 2147483647;
			files = (
				447421F1C1DB4C74CDAE675D /* Pods_11_18_challengeFipe.framework in Frameworks */,
			);
			runOnlyForDeploymentPostprocessing = 0;
		};
/* End PBXFrameworksBuildPhase section */

/* Begin PBXGroup section */
		13485DE2130E8400699478F4 /* Pods */ = {
			isa = PBXGroup;
			children = (
				971B068AEE0D1D68E0177C85 /* Pods-11_18_challengeFipe.debug.xcconfig */,
				4175AB0C38F4E0ADE3AA4E24 /* Pods-11_18_challengeFipe.release.xcconfig */,
			);
			path = Pods;
			sourceTree = "<group>";
		};
		38516938EC685327D6316E29 /* Frameworks */ = {
			isa = PBXGroup;
			children = (
				37A5DB2549A9DF4D21174318 /* Pods_11_18_challengeFipe.framework */,
			);
			name = Frameworks;
			sourceTree = "<group>";
		};
		D067548D2565A27800F71CCE = {
			isa = PBXGroup;
			children = (
				D06754982565A27800F71CCE /* 11_18_challengeFipe */,
				D06754972565A27800F71CCE /* Products */,
				13485DE2130E8400699478F4 /* Pods */,
				38516938EC685327D6316E29 /* Frameworks */,
			);
			sourceTree = "<group>";
		};
		D06754972565A27800F71CCE /* Products */ = {
			isa = PBXGroup;
			children = (
				D06754962565A27800F71CCE /* 11_18_challengeFipe.app */,
			);
			name = Products;
			sourceTree = "<group>";
		};
		D06754982565A27800F71CCE /* 11_18_challengeFipe */ = {
			isa = PBXGroup;
			children = (
				D06754B12565A34800F71CCE /* Modal */,
				D06754AE2565A33A00F71CCE /* View */,
				D06754AF2565A34100F71CCE /* Controller */,
				D06754992565A27800F71CCE /* AppDelegate.swift */,
				D067549B2565A27800F71CCE /* SceneDelegate.swift */,
				D06754A22565A27F00F71CCE /* Assets.xcassets */,
				D06754A42565A27F00F71CCE /* LaunchScreen.storyboard */,
				D06754A72565A27F00F71CCE /* Info.plist */,
			);
			path = 11_18_challengeFipe;
			sourceTree = "<group>";
		};
		D06754AE2565A33A00F71CCE /* View */ = {
			isa = PBXGroup;
			children = (
				D06754C0256605A900F71CCE /* Brand */,
				D0E93B94256673DD00322962 /* CarModal */,
			);
			path = View;
			sourceTree = "<group>";
		};
		D06754AF2565A34100F71CCE /* Controller */ = {
			isa = PBXGroup;
			children = (
				D06754BF2566059900F71CCE /* Brand */,
				D0E93BAC25674FB300322962 /* Model */,
			);
			path = Controller;
			sourceTree = "<group>";
		};
		D06754B12565A34800F71CCE /* Modal */ = {
			isa = PBXGroup;
			children = (
				D0E93BAA2566FA4200322962 /* CarDetail */,
				D0E93BA92566FA2A00322962 /* CarYear */,
				D0E93B8C2566728000322962 /* CarModel */,
				D06754B22565A35F00F71CCE /* Brand */,
			);
			path = Modal;
			sourceTree = "<group>";
		};
		D06754B22565A35F00F71CCE /* Brand */ = {
			isa = PBXGroup;
			children = (
				D06754B32565A49200F71CCE /* Brand.swift */,
			);
			path = Brand;
			sourceTree = "<group>";
		};
		D06754BF2566059900F71CCE /* Brand */ = {
			isa = PBXGroup;
			children = (
				D06754B62565A59300F71CCE /* BrandController.swift */,
			);
			path = Brand;
			sourceTree = "<group>";
		};
		D06754C0256605A900F71CCE /* Brand */ = {
			isa = PBXGroup;
			children = (
				D067549F2565A27800F71CCE /* Brand.storyboard */,
				D06754BC2566036900F71CCE /* BrandViewController.swift */,
				D0E93B88256671C400322962 /* BrandExtensionViewCntroller.swift */,
				D06754C12566065500F71CCE /* BrandTableViewCell.swift */,
			);
			path = Brand;
			sourceTree = "<group>";
		};
		D0E93B8C2566728000322962 /* CarModel */ = {
			isa = PBXGroup;
			children = (
				D0E93B8E256673A200322962 /* CarModel.swift */,
				D0E93B8F256673A200322962 /* Modelo.swift */,
			);
			path = CarModel;
			sourceTree = "<group>";
		};
		D0E93B94256673DD00322962 /* CarModal */ = {
			isa = PBXGroup;
			children = (
				D0E93B992566748100322962 /* CarModel.storyboard */,
				D0E93B9D256674AE00322962 /* CarModelViewController.swift */,
				D0E93BA0256674DD00322962 /* CarModelTableViewCell.swift */,
				D0E93BB22567DB2A00322962 /* CarModelExtension.swift */,
			);
			path = CarModal;
			sourceTree = "<group>";
		};
		D0E93BA92566FA2A00322962 /* CarYear */ = {
			isa = PBXGroup;
			children = (
				D0E93B8D256673A200322962 /* Ano.swift */,
			);
			path = CarYear;
			sourceTree = "<group>";
		};
		D0E93BAA2566FA4200322962 /* CarDetail */ = {
			isa = PBXGroup;
			children = (
				D0E93BA62566F9D800322962 /* CarDetail.swift */,
			);
			path = CarDetail;
			sourceTree = "<group>";
		};
		D0E93BAC25674FB300322962 /* Model */ = {
			isa = PBXGroup;
			children = (
				D0E93BAD25674FDD00322962 /* ModelController.swift */,
			);
			path = Model;
			sourceTree = "<group>";
		};
/* End PBXGroup section */

/* Begin PBXNativeTarget section */
		D06754952565A27800F71CCE /* 11_18_challengeFipe */ = {
			isa = PBXNativeTarget;
			buildConfigurationList = D06754AA2565A27F00F71CCE /* Build configuration list for PBXNativeTarget "11_18_challengeFipe" */;
			buildPhases = (
				0A1865DF74FEB6921D52A864 /* [CP] Check Pods Manifest.lock */,
				D06754922565A27800F71CCE /* Sources */,
				D06754932565A27800F71CCE /* Frameworks */,
				D06754942565A27800F71CCE /* Resources */,
				C1A3444DD4C484EE45257E74 /* [CP] Embed Pods Frameworks */,
			);
			buildRules = (
			);
			dependencies = (
			);
			name = 11_18_challengeFipe;
			productName = 11_18_challengeFipe;
			productReference = D06754962565A27800F71CCE /* 11_18_challengeFipe.app */;
			productType = "com.apple.product-type.application";
		};
/* End PBXNativeTarget section */

/* Begin PBXProject section */
		D067548E2565A27800F71CCE /* Project object */ = {
			isa = PBXProject;
			attributes = {
				LastSwiftUpdateCheck = 1220;
				LastUpgradeCheck = 1220;
				TargetAttributes = {
					D06754952565A27800F71CCE = {
						CreatedOnToolsVersion = 12.2;
					};
				};
			};
			buildConfigurationList = D06754912565A27800F71CCE /* Build configuration list for PBXProject "11_18_challengeFipe" */;
			compatibilityVersion = "Xcode 9.3";
			developmentRegion = en;
			hasScannedForEncodings = 0;
			knownRegions = (
				en,
				Base,
			);
			mainGroup = D067548D2565A27800F71CCE;
			productRefGroup = D06754972565A27800F71CCE /* Products */;
			projectDirPath = "";
			projectRoot = "";
			targets = (
				D06754952565A27800F71CCE /* 11_18_challengeFipe */,
			);
		};
/* End PBXProject section */

/* Begin PBXResourcesBuildPhase section */
		D06754942565A27800F71CCE /* Resources */ = {
			isa = PBXResourcesBuildPhase;
			buildActionMask = 2147483647;
			files = (
				D06754A62565A27F00F71CCE /* LaunchScreen.storyboard in Resources */,
				D0E93B9A2566748100322962 /* CarModel.storyboard in Resources */,
				D06754A32565A27F00F71CCE /* Assets.xcassets in Resources */,
				D06754A12565A27800F71CCE /* Brand.storyboard in Resources */,
			);
			runOnlyForDeploymentPostprocessing = 0;
		};
/* End PBXResourcesBuildPhase section */

/* Begin PBXShellScriptBuildPhase section */
		0A1865DF74FEB6921D52A864 /* [CP] Check Pods Manifest.lock */ = {
			isa = PBXShellScriptBuildPhase;
			buildActionMask = 2147483647;
			files = (
			);
			inputFileListPaths = (
			);
			inputPaths = (
				"${PODS_PODFILE_DIR_PATH}/Podfile.lock",
				"${PODS_ROOT}/Manifest.lock",
			);
			name = "[CP] Check Pods Manifest.lock";
			outputFileListPaths = (
			);
			outputPaths = (
				"$(DERIVED_FILE_DIR)/Pods-11_18_challengeFipe-checkManifestLockResult.txt",
			);
			runOnlyForDeploymentPostprocessing = 0;
			shellPath = /bin/sh;
			shellScript = "diff \"${PODS_PODFILE_DIR_PATH}/Podfile.lock\" \"${PODS_ROOT}/Manifest.lock\" > /dev/null\nif [ $? != 0 ] ; then\n    # print error to STDERR\n    echo \"error: The sandbox is not in sync with the Podfile.lock. Run 'pod install' or update your CocoaPods installation.\" >&2\n    exit 1\nfi\n# This output is used by Xcode 'outputs' to avoid re-running this script phase.\necho \"SUCCESS\" > \"${SCRIPT_OUTPUT_FILE_0}\"\n";
			showEnvVarsInLog = 0;
		};
		C1A3444DD4C484EE45257E74 /* [CP] Embed Pods Frameworks */ = {
			isa = PBXShellScriptBuildPhase;
			buildActionMask = 2147483647;
			files = (
			);
			inputFileListPaths = (
				"${PODS_ROOT}/Target Support Files/Pods-11_18_challengeFipe/Pods-11_18_challengeFipe-frameworks-${CONFIGURATION}-input-files.xcfilelist",
			);
			name = "[CP] Embed Pods Frameworks";
			outputFileListPaths = (
				"${PODS_ROOT}/Target Support Files/Pods-11_18_challengeFipe/Pods-11_18_challengeFipe-frameworks-${CONFIGURATION}-output-files.xcfilelist",
			);
			runOnlyForDeploymentPostprocessing = 0;
			shellPath = /bin/sh;
			shellScript = "\"${PODS_ROOT}/Target Support Files/Pods-11_18_challengeFipe/Pods-11_18_challengeFipe-frameworks.sh\"\n";
			showEnvVarsInLog = 0;
		};
/* End PBXShellScriptBuildPhase section */

/* Begin PBXSourcesBuildPhase section */
		D06754922565A27800F71CCE /* Sources */ = {
			isa = PBXSourcesBuildPhase;
			buildActionMask = 2147483647;
			files = (
				D0E93B89256671C400322962 /* BrandExtensionViewCntroller.swift in Sources */,
				D06754BD2566036900F71CCE /* BrandViewController.swift in Sources */,
				D0E93B90256673A200322962 /* Ano.swift in Sources */,
				D06754C22566065500F71CCE /* BrandTableViewCell.swift in Sources */,
				D0E93BA72566F9D800322962 /* CarDetail.swift in Sources */,
				D0E93BAE25674FDD00322962 /* ModelController.swift in Sources */,
				D0E93BA1256674DD00322962 /* CarModelTableViewCell.swift in Sources */,
				D06754B42565A49200F71CCE /* Brand.swift in Sources */,
				D0E93B9E256674AE00322962 /* CarModelViewController.swift in Sources */,
				D0E93B91256673A200322962 /* CarModel.swift in Sources */,
				D06754B72565A59300F71CCE /* BrandController.swift in Sources */,
				D067549A2565A27800F71CCE /* AppDelegate.swift in Sources */,
				D067549C2565A27800F71CCE /* SceneDelegate.swift in Sources */,
				D0E93BB32567DB2A00322962 /* CarModelExtension.swift in Sources */,
				D0E93B92256673A200322962 /* Modelo.swift in Sources */,
			);
			runOnlyForDeploymentPostprocessing = 0;
		};
/* End PBXSourcesBuildPhase section */

/* Begin PBXVariantGroup section */
		D067549F2565A27800F71CCE /* Brand.storyboard */ = {
			isa = PBXVariantGroup;
			children = (
				D06754A02565A27800F71CCE /* Base */,
			);
			name = Brand.storyboard;
			sourceTree = "<group>";
		};
		D06754A42565A27F00F71CCE /* LaunchScreen.storyboard */ = {
			isa = PBXVariantGroup;
			children = (
				D06754A52565A27F00F71CCE /* Base */,
			);
			name = LaunchScreen.storyboard;
			sourceTree = "<group>";
		};
/* End PBXVariantGroup section */

/* Begin XCBuildConfiguration section */
		D06754A82565A27F00F71CCE /* Debug */ = {
			isa = XCBuildConfiguration;
			buildSettings = {
				ALWAYS_SEARCH_USER_PATHS = NO;
				CLANG_ANALYZER_NONNULL = YES;
				CLANG_ANALYZER_NUMBER_OBJECT_CONVERSION = YES_AGGRESSIVE;
				CLANG_CXX_LANGUAGE_STANDARD = "gnu++14";
				CLANG_CXX_LIBRARY = "libc++";
				CLANG_ENABLE_MODULES = YES;
				CLANG_ENABLE_OBJC_ARC = YES;
				CLANG_ENABLE_OBJC_WEAK = YES;
				CLANG_WARN_BLOCK_CAPTURE_AUTORELEASING = YES;
				CLANG_WARN_BOOL_CONVERSION = YES;
				CLANG_WARN_COMMA = YES;
				CLANG_WARN_CONSTANT_CONVERSION = YES;
				CLANG_WARN_DEPRECATED_OBJC_IMPLEMENTATIONS = YES;
				CLANG_WARN_DIRECT_OBJC_ISA_USAGE = YES_ERROR;
				CLANG_WARN_DOCUMENTATION_COMMENTS = YES;
				CLANG_WARN_EMPTY_BODY = YES;
				CLANG_WARN_ENUM_CONVERSION = YES;
				CLANG_WARN_INFINITE_RECURSION = YES;
				CLANG_WARN_INT_CONVERSION = YES;
				CLANG_WARN_NON_LITERAL_NULL_CONVERSION = YES;
				CLANG_WARN_OBJC_IMPLICIT_RETAIN_SELF = YES;
				CLANG_WARN_OBJC_LITERAL_CONVERSION = YES;
				CLANG_WARN_OBJC_ROOT_CLASS = YES_ERROR;
				CLANG_WARN_QUOTED_INCLUDE_IN_FRAMEWORK_HEADER = YES;
				CLANG_WARN_RANGE_LOOP_ANALYSIS = YES;
				CLANG_WARN_STRICT_PROTOTYPES = YES;
				CLANG_WARN_SUSPICIOUS_MOVE = YES;
				CLANG_WARN_UNGUARDED_AVAILABILITY = YES_AGGRESSIVE;
				CLANG_WARN_UNREACHABLE_CODE = YES;
				CLANG_WARN__DUPLICATE_METHOD_MATCH = YES;
				COPY_PHASE_STRIP = NO;
				DEBUG_INFORMATION_FORMAT = dwarf;
				ENABLE_STRICT_OBJC_MSGSEND = YES;
				ENABLE_TESTABILITY = YES;
				GCC_C_LANGUAGE_STANDARD = gnu11;
				GCC_DYNAMIC_NO_PIC = NO;
				GCC_NO_COMMON_BLOCKS = YES;
				GCC_OPTIMIZATION_LEVEL = 0;
				GCC_PREPROCESSOR_DEFINITIONS = (
					"DEBUG=1",
					"$(inherited)",
				);
				GCC_WARN_64_TO_32_BIT_CONVERSION = YES;
				GCC_WARN_ABOUT_RETURN_TYPE = YES_ERROR;
				GCC_WARN_UNDECLARED_SELECTOR = YES;
				GCC_WARN_UNINITIALIZED_AUTOS = YES_AGGRESSIVE;
				GCC_WARN_UNUSED_FUNCTION = YES;
				GCC_WARN_UNUSED_VARIABLE = YES;
				IPHONEOS_DEPLOYMENT_TARGET = 14.2;
				MTL_ENABLE_DEBUG_INFO = INCLUDE_SOURCE;
				MTL_FAST_MATH = YES;
				ONLY_ACTIVE_ARCH = YES;
				SDKROOT = iphoneos;
				SWIFT_ACTIVE_COMPILATION_CONDITIONS = DEBUG;
				SWIFT_OPTIMIZATION_LEVEL = "-Onone";
			};
			name = Debug;
		};
		D06754A92565A27F00F71CCE /* Release */ = {
			isa = XCBuildConfiguration;
			buildSettings = {
				ALWAYS_SEARCH_USER_PATHS = NO;
				CLANG_ANALYZER_NONNULL = YES;
				CLANG_ANALYZER_NUMBER_OBJECT_CONVERSION = YES_AGGRESSIVE;
				CLANG_CXX_LANGUAGE_STANDARD = "gnu++14";
				CLANG_CXX_LIBRARY = "libc++";
				CLANG_ENABLE_MODULES = YES;
				CLANG_ENABLE_OBJC_ARC = YES;
				CLANG_ENABLE_OBJC_WEAK = YES;
				CLANG_WARN_BLOCK_CAPTURE_AUTORELEASING = YES;
				CLANG_WARN_BOOL_CONVERSION = YES;
				CLANG_WARN_COMMA = YES;
				CLANG_WARN_CONSTANT_CONVERSION = YES;
				CLANG_WARN_DEPRECATED_OBJC_IMPLEMENTATIONS = YES;
				CLANG_WARN_DIRECT_OBJC_ISA_USAGE = YES_ERROR;
				CLANG_WARN_DOCUMENTATION_COMMENTS = YES;
				CLANG_WARN_EMPTY_BODY = YES;
				CLANG_WARN_ENUM_CONVERSION = YES;
				CLANG_WARN_INFINITE_RECURSION = YES;
				CLANG_WARN_INT_CONVERSION = YES;
				CLANG_WARN_NON_LITERAL_NULL_CONVERSION = YES;
				CLANG_WARN_OBJC_IMPLICIT_RETAIN_SELF = YES;
				CLANG_WARN_OBJC_LITERAL_CONVERSION = YES;
				CLANG_WARN_OBJC_ROOT_CLASS = YES_ERROR;
				CLANG_WARN_QUOTED_INCLUDE_IN_FRAMEWORK_HEADER = YES;
				CLANG_WARN_RANGE_LOOP_ANALYSIS = YES;
				CLANG_WARN_STRICT_PROTOTYPES = YES;
				CLANG_WARN_SUSPICIOUS_MOVE = YES;
				CLANG_WARN_UNGUARDED_AVAILABILITY = YES_AGGRESSIVE;
				CLANG_WARN_UNREACHABLE_CODE = YES;
				CLANG_WARN__DUPLICATE_METHOD_MATCH = YES;
				COPY_PHASE_STRIP = NO;
				DEBUG_INFORMATION_FORMAT = "dwarf-with-dsym";
				ENABLE_NS_ASSERTIONS = NO;
				ENABLE_STRICT_OBJC_MSGSEND = YES;
				GCC_C_LANGUAGE_STANDARD = gnu11;
				GCC_NO_COMMON_BLOCKS = YES;
				GCC_WARN_64_TO_32_BIT_CONVERSION = YES;
				GCC_WARN_ABOUT_RETURN_TYPE = YES_ERROR;
				GCC_WARN_UNDECLARED_SELECTOR = YES;
				GCC_WARN_UNINITIALIZED_AUTOS = YES_AGGRESSIVE;
				GCC_WARN_UNUSED_FUNCTION = YES;
				GCC_WARN_UNUSED_VARIABLE = YES;
				IPHONEOS_DEPLOYMENT_TARGET = 14.2;
				MTL_ENABLE_DEBUG_INFO = NO;
				MTL_FAST_MATH = YES;
				SDKROOT = iphoneos;
				SWIFT_COMPILATION_MODE = wholemodule;
				SWIFT_OPTIMIZATION_LEVEL = "-O";
				VALIDATE_PRODUCT = YES;
			};
			name = Release;
		};
		D06754AB2565A27F00F71CCE /* Debug */ = {
			isa = XCBuildConfiguration;
			baseConfigurationReference = 971B068AEE0D1D68E0177C85 /* Pods-11_18_challengeFipe.debug.xcconfig */;
			buildSettings = {
				ASSETCATALOG_COMPILER_APPICON_NAME = AppIcon;
				ASSETCATALOG_COMPILER_GLOBAL_ACCENT_COLOR_NAME = AccentColor;
				CODE_SIGN_STYLE = Automatic;
				INFOPLIST_FILE = 11_18_challengeFipe/Info.plist;
				LD_RUNPATH_SEARCH_PATHS = (
					"$(inherited)",
					"@executable_path/Frameworks",
				);
				PRODUCT_BUNDLE_IDENTIFIER = "com.michelsantos.-1-18-challengeFipe";
				PRODUCT_NAME = "$(TARGET_NAME)";
				SWIFT_VERSION = 5.0;
				TARGETED_DEVICE_FAMILY = "1,2";
			};
			name = Debug;
		};
		D06754AC2565A27F00F71CCE /* Release */ = {
			isa = XCBuildConfiguration;
			baseConfigurationReference = 4175AB0C38F4E0ADE3AA4E24 /* Pods-11_18_challengeFipe.release.xcconfig */;
			buildSettings = {
				ASSETCATALOG_COMPILER_APPICON_NAME = AppIcon;
				ASSETCATALOG_COMPILER_GLOBAL_ACCENT_COLOR_NAME = AccentColor;
				CODE_SIGN_STYLE = Automatic;
				INFOPLIST_FILE = 11_18_challengeFipe/Info.plist;
				LD_RUNPATH_SEARCH_PATHS = (
					"$(inherited)",
					"@executable_path/Frameworks",
				);
				PRODUCT_BUNDLE_IDENTIFIER = "com.michelsantos.-1-18-challengeFipe";
				PRODUCT_NAME = "$(TARGET_NAME)";
				SWIFT_VERSION = 5.0;
				TARGETED_DEVICE_FAMILY = "1,2";
			};
			name = Release;
		};
/* End XCBuildConfiguration section */

/* Begin XCConfigurationList section */
		D06754912565A27800F71CCE /* Build configuration list for PBXProject "11_18_challengeFipe" */ = {
			isa = XCConfigurationList;
			buildConfigurations = (
				D06754A82565A27F00F71CCE /* Debug */,
				D06754A92565A27F00F71CCE /* Release */,
			);
			defaultConfigurationIsVisible = 0;
			defaultConfigurationName = Release;
		};
		D06754AA2565A27F00F71CCE /* Build configuration list for PBXNativeTarget "11_18_challengeFipe" */ = {
			isa = XCConfigurationList;
			buildConfigurations = (
				D06754AB2565A27F00F71CCE /* Debug */,
				D06754AC2565A27F00F71CCE /* Release */,
			);
			defaultConfigurationIsVisible = 0;
			defaultConfigurationName = Release;
		};
/* End XCConfigurationList section */
	};
	rootObject = D067548E2565A27800F71CCE /* Project object */;
}
