// !$*UTF8*$!
{
	archiveVersion = 1;
	classes = {
	};
	objectVersion = 50;
	objects = {

/* Begin PBXBuildFile section */
		D0BDDAB7253D918C0016F567 /* AppDelegate.swift in Sources */ = {isa = PBXBuildFile; fileRef = D0BDDAB6253D918C0016F567 /* AppDelegate.swift */; };
		D0BDDAB9253D918C0016F567 /* SceneDelegate.swift in Sources */ = {isa = PBXBuildFile; fileRef = D0BDDAB8253D918C0016F567 /* SceneDelegate.swift */; };
		D0BDDABB253D918C0016F567 /* ViewController.swift in Sources */ = {isa = PBXBuildFile; fileRef = D0BDDABA253D918C0016F567 /* ViewController.swift */; };
		D0BDDABE253D918C0016F567 /* Main.storyboard in Resources */ = {isa = PBXBuildFile; fileRef = D0BDDABC253D918C0016F567 /* Main.storyboard */; };
		D0BDDAC0253D91900016F567 /* Assets.xcassets in Resources */ = {isa = PBXBuildFile; fileRef = D0BDDABF253D91900016F567 /* Assets.xcassets */; };
		D0BDDAC3253D91900016F567 /* LaunchScreen.storyboard in Resources */ = {isa = PBXBuildFile; fileRef = D0BDDAC1253D91900016F567 /* LaunchScreen.storyboard */; };
		D0BDDACC253D999F0016F567 /* spider4.png in Resources */ = {isa = PBXBuildFile; fileRef = D0BDDACB253D999F0016F567 /* spider4.png */; };
/* End PBXBuildFile section */

/* Begin PBXFileReference section */
		D0BDDAB3253D918C0016F567 /* myMovies.app */ = {isa = PBXFileReference; explicitFileType = wrapper.application; includeInIndex = 0; path = myMovies.app; sourceTree = BUILT_PRODUCTS_DIR; };
		D0BDDAB6253D918C0016F567 /* AppDelegate.swift */ = {isa = PBXFileReference; lastKnownFileType = sourcecode.swift; path = AppDelegate.swift; sourceTree = "<group>"; };
		D0BDDAB8253D918C0016F567 /* SceneDelegate.swift */ = {isa = PBXFileReference; lastKnownFileType = sourcecode.swift; path = SceneDelegate.swift; sourceTree = "<group>"; };
		D0BDDABA253D918C0016F567 /* ViewController.swift */ = {isa = PBXFileReference; lastKnownFileType = sourcecode.swift; path = ViewController.swift; sourceTree = "<group>"; };
		D0BDDABD253D918C0016F567 /* Base */ = {isa = PBXFileReference; lastKnownFileType = file.storyboard; name = Base; path = Base.lproj/Main.storyboard; sourceTree = "<group>"; };
		D0BDDABF253D91900016F567 /* Assets.xcassets */ = {isa = PBXFileReference; lastKnownFileType = folder.assetcatalog; path = Assets.xcassets; sourceTree = "<group>"; };
		D0BDDAC2253D91900016F567 /* Base */ = {isa = PBXFileReference; lastKnownFileType = file.storyboard; name = Base; path = Base.lproj/LaunchScreen.storyboard; sourceTree = "<group>"; };
		D0BDDAC4253D91900016F567 /* Info.plist */ = {isa = PBXFileReference; lastKnownFileType = text.plist.xml; path = Info.plist; sourceTree = "<group>"; };
		D0BDDACB253D999F0016F567 /* spider4.png */ = {isa = PBXFileReference; lastKnownFileType = image.png; path = spider4.png; sourceTree = "<group>"; };
/* End PBXFileReference section */

/* Begin PBXFrameworksBuildPhase section */
		D0BDDAB0253D918C0016F567 /* Frameworks */ = {
			isa = PBXFrameworksBuildPhase;
			buildActionMask = 2147483647;
			files = (
			);
			runOnlyForDeploymentPostprocessing = 0;
		};
/* End PBXFrameworksBuildPhase section */

/* Begin PBXGroup section */
		D0BDDAAA253D918C0016F567 = {
			isa = PBXGroup;
			children = (
				D0BDDAB5253D918C0016F567 /* myMovies */,
				D0BDDAB4253D918C0016F567 /* Products */,
			);
			sourceTree = "<group>";
		};
		D0BDDAB4253D918C0016F567 /* Products */ = {
			isa = PBXGroup;
			children = (
				D0BDDAB3253D918C0016F567 /* myMovies.app */,
			);
			name = Products;
			sourceTree = "<group>";
		};
		D0BDDAB5253D918C0016F567 /* myMovies */ = {
			isa = PBXGroup;
			children = (
				D0BDDAB6253D918C0016F567 /* AppDelegate.swift */,
				D0BDDAB8253D918C0016F567 /* SceneDelegate.swift */,
				D0BDDABA253D918C0016F567 /* ViewController.swift */,
				D0BDDABC253D918C0016F567 /* Main.storyboard */,
				D0BDDABF253D91900016F567 /* Assets.xcassets */,
				D0BDDAC1253D91900016F567 /* LaunchScreen.storyboard */,
				D0BDDAC4253D91900016F567 /* Info.plist */,
				D0BDDACB253D999F0016F567 /* spider4.png */,
			);
			path = myMovies;
			sourceTree = "<group>";
		};
/* End PBXGroup section */

/* Begin PBXNativeTarget section */
		D0BDDAB2253D918C0016F567 /* myMovies */ = {
			isa = PBXNativeTarget;
			buildConfigurationList = D0BDDAC7253D91900016F567 /* Build configuration list for PBXNativeTarget "myMovies" */;
			buildPhases = (
				D0BDDAAF253D918C0016F567 /* Sources */,
				D0BDDAB0253D918C0016F567 /* Frameworks */,
				D0BDDAB1253D918C0016F567 /* Resources */,
			);
			buildRules = (
			);
			dependencies = (
			);
			name = myMovies;
			productName = myMovies;
			productReference = D0BDDAB3253D918C0016F567 /* myMovies.app */;
			productType = "com.apple.product-type.application";
		};
/* End PBXNativeTarget section */

/* Begin PBXProject section */
		D0BDDAAB253D918C0016F567 /* Project object */ = {
			isa = PBXProject;
			attributes = {
				LastSwiftUpdateCheck = 1200;
				LastUpgradeCheck = 1200;
				TargetAttributes = {
					D0BDDAB2253D918C0016F567 = {
						CreatedOnToolsVersion = 12.0;
					};
				};
			};
			buildConfigurationList = D0BDDAAE253D918C0016F567 /* Build configuration list for PBXProject "myMovies" */;
			compatibilityVersion = "Xcode 9.3";
			developmentRegion = en;
			hasScannedForEncodings = 0;
			knownRegions = (
				en,
				Base,
			);
			mainGroup = D0BDDAAA253D918C0016F567;
			productRefGroup = D0BDDAB4253D918C0016F567 /* Products */;
			projectDirPath = "";
			projectRoot = "";
			targets = (
				D0BDDAB2253D918C0016F567 /* myMovies */,
			);
		};
/* End PBXProject section */

/* Begin PBXResourcesBuildPhase section */
		D0BDDAB1253D918C0016F567 /* Resources */ = {
			isa = PBXResourcesBuildPhase;
			buildActionMask = 2147483647;
			files = (
				D0BDDAC3253D91900016F567 /* LaunchScreen.storyboard in Resources */,
				D0BDDACC253D999F0016F567 /* spider4.png in Resources */,
				D0BDDAC0253D91900016F567 /* Assets.xcassets in Resources */,
				D0BDDABE253D918C0016F567 /* Main.storyboard in Resources */,
			);
			runOnlyForDeploymentPostprocessing = 0;
		};
/* End PBXResourcesBuildPhase section */

/* Begin PBXSourcesBuildPhase section */
		D0BDDAAF253D918C0016F567 /* Sources */ = {
			isa = PBXSourcesBuildPhase;
			buildActionMask = 2147483647;
			files = (
				D0BDDABB253D918C0016F567 /* ViewController.swift in Sources */,
				D0BDDAB7253D918C0016F567 /* AppDelegate.swift in Sources */,
				D0BDDAB9253D918C0016F567 /* SceneDelegate.swift in Sources */,
			);
			runOnlyForDeploymentPostprocessing = 0;
		};
/* End PBXSourcesBuildPhase section */

/* Begin PBXVariantGroup section */
		D0BDDABC253D918C0016F567 /* Main.storyboard */ = {
			isa = PBXVariantGroup;
			children = (
				D0BDDABD253D918C0016F567 /* Base */,
			);
			name = Main.storyboard;
			sourceTree = "<group>";
		};
		D0BDDAC1253D91900016F567 /* LaunchScreen.storyboard */ = {
			isa = PBXVariantGroup;
			children = (
				D0BDDAC2253D91900016F567 /* Base */,
			);
			name = LaunchScreen.storyboard;
			sourceTree = "<group>";
		};
/* End PBXVariantGroup section */

/* Begin XCBuildConfiguration section */
		D0BDDAC5253D91900016F567 /* Debug */ = {
			isa = XCBuildConfiguration;
			buildSettings = {
				ALWAYS_SEARCH_USER_PATHS = NO;
				CLANG_ANALYZER_NONNULL = YES;
				CLANG_ANALYZER_NUMBER_OBJECT_CONVERSION = YES_AGGRESSIVE;
				CLANG_CXX_LANGUAGE_STANDARD = "gnu++14";
				CLANG_CXX_LIBRARY = "libc++";
				CLANG_ENABLE_MODULES = YES;
				CLANG_ENABLE_OBJC_ARC = YES;
				CLANG_ENABLE_OBJC_WEAK = YES;
				CLANG_WARN_BLOCK_CAPTURE_AUTORELEASING = YES;
				CLANG_WARN_BOOL_CONVERSION = YES;
				CLANG_WARN_COMMA = YES;
				CLANG_WARN_CONSTANT_CONVERSION = YES;
				CLANG_WARN_DEPRECATED_OBJC_IMPLEMENTATIONS = YES;
				CLANG_WARN_DIRECT_OBJC_ISA_USAGE = YES_ERROR;
				CLANG_WARN_DOCUMENTATION_COMMENTS = YES;
				CLANG_WARN_EMPTY_BODY = YES;
				CLANG_WARN_ENUM_CONVERSION = YES;
				CLANG_WARN_INFINITE_RECURSION = YES;
				CLANG_WARN_INT_CONVERSION = YES;
				CLANG_WARN_NON_LITERAL_NULL_CONVERSION = YES;
				CLANG_WARN_OBJC_IMPLICIT_RETAIN_SELF = YES;
				CLANG_WARN_OBJC_LITERAL_CONVERSION = YES;
				CLANG_WARN_OBJC_ROOT_CLASS = YES_ERROR;
				CLANG_WARN_QUOTED_INCLUDE_IN_FRAMEWORK_HEADER = YES;
				CLANG_WARN_RANGE_LOOP_ANALYSIS = YES;
				CLANG_WARN_STRICT_PROTOTYPES = YES;
				CLANG_WARN_SUSPICIOUS_MOVE = YES;
				CLANG_WARN_UNGUARDED_AVAILABILITY = YES_AGGRESSIVE;
				CLANG_WARN_UNREACHABLE_CODE = YES;
				CLANG_WARN__DUPLICATE_METHOD_MATCH = YES;
				COPY_PHASE_STRIP = NO;
				DEBUG_INFORMATION_FORMAT = dwarf;
				ENABLE_STRICT_OBJC_MSGSEND = YES;
				ENABLE_TESTABILITY = YES;
				GCC_C_LANGUAGE_STANDARD = gnu11;
				GCC_DYNAMIC_NO_PIC = NO;
				GCC_NO_COMMON_BLOCKS = YES;
				GCC_OPTIMIZATION_LEVEL = 0;
				GCC_PREPROCESSOR_DEFINITIONS = (
					"DEBUG=1",
					"$(inherited)",
				);
				GCC_WARN_64_TO_32_BIT_CONVERSION = YES;
				GCC_WARN_ABOUT_RETURN_TYPE = YES_ERROR;
				GCC_WARN_UNDECLARED_SELECTOR = YES;
				GCC_WARN_UNINITIALIZED_AUTOS = YES_AGGRESSIVE;
				GCC_WARN_UNUSED_FUNCTION = YES;
				GCC_WARN_UNUSED_VARIABLE = YES;
				IPHONEOS_DEPLOYMENT_TARGET = 14.0;
				MTL_ENABLE_DEBUG_INFO = INCLUDE_SOURCE;
				MTL_FAST_MATH = YES;
				ONLY_ACTIVE_ARCH = YES;
				SDKROOT = iphoneos;
				SWIFT_ACTIVE_COMPILATION_CONDITIONS = DEBUG;
				SWIFT_OPTIMIZATION_LEVEL = "-Onone";
			};
			name = Debug;
		};
		D0BDDAC6253D91900016F567 /* Release */ = {
			isa = XCBuildConfiguration;
			buildSettings = {
				ALWAYS_SEARCH_USER_PATHS = NO;
				CLANG_ANALYZER_NONNULL = YES;
				CLANG_ANALYZER_NUMBER_OBJECT_CONVERSION = YES_AGGRESSIVE;
				CLANG_CXX_LANGUAGE_STANDARD = "gnu++14";
				CLANG_CXX_LIBRARY = "libc++";
				CLANG_ENABLE_MODULES = YES;
				CLANG_ENABLE_OBJC_ARC = YES;
				CLANG_ENABLE_OBJC_WEAK = YES;
				CLANG_WARN_BLOCK_CAPTURE_AUTORELEASING = YES;
				CLANG_WARN_BOOL_CONVERSION = YES;
				CLANG_WARN_COMMA = YES;
				CLANG_WARN_CONSTANT_CONVERSION = YES;
				CLANG_WARN_DEPRECATED_OBJC_IMPLEMENTATIONS = YES;
				CLANG_WARN_DIRECT_OBJC_ISA_USAGE = YES_ERROR;
				CLANG_WARN_DOCUMENTATION_COMMENTS = YES;
				CLANG_WARN_EMPTY_BODY = YES;
				CLANG_WARN_ENUM_CONVERSION = YES;
				CLANG_WARN_INFINITE_RECURSION = YES;
				CLANG_WARN_INT_CONVERSION = YES;
				CLANG_WARN_NON_LITERAL_NULL_CONVERSION = YES;
				CLANG_WARN_OBJC_IMPLICIT_RETAIN_SELF = YES;
				CLANG_WARN_OBJC_LITERAL_CONVERSION = YES;
				CLANG_WARN_OBJC_ROOT_CLASS = YES_ERROR;
				CLANG_WARN_QUOTED_INCLUDE_IN_FRAMEWORK_HEADER = YES;
				CLANG_WARN_RANGE_LOOP_ANALYSIS = YES;
				CLANG_WARN_STRICT_PROTOTYPES = YES;
				CLANG_WARN_SUSPICIOUS_MOVE = YES;
				CLANG_WARN_UNGUARDED_AVAILABILITY = YES_AGGRESSIVE;
				CLANG_WARN_UNREACHABLE_CODE = YES;
				CLANG_WARN__DUPLICATE_METHOD_MATCH = YES;
				COPY_PHASE_STRIP = NO;
				DEBUG_INFORMATION_FORMAT = "dwarf-with-dsym";
				ENABLE_NS_ASSERTIONS = NO;
				ENABLE_STRICT_OBJC_MSGSEND = YES;
				GCC_C_LANGUAGE_STANDARD = gnu11;
				GCC_NO_COMMON_BLOCKS = YES;
				GCC_WARN_64_TO_32_BIT_CONVERSION = YES;
				GCC_WARN_ABOUT_RETURN_TYPE = YES_ERROR;
				GCC_WARN_UNDECLARED_SELECTOR = YES;
				GCC_WARN_UNINITIALIZED_AUTOS = YES_AGGRESSIVE;
				GCC_WARN_UNUSED_FUNCTION = YES;
				GCC_WARN_UNUSED_VARIABLE = YES;
				IPHONEOS_DEPLOYMENT_TARGET = 14.0;
				MTL_ENABLE_DEBUG_INFO = NO;
				MTL_FAST_MATH = YES;
				SDKROOT = iphoneos;
				SWIFT_COMPILATION_MODE = wholemodule;
				SWIFT_OPTIMIZATION_LEVEL = "-O";
				VALIDATE_PRODUCT = YES;
			};
			name = Release;
		};
		D0BDDAC8253D91900016F567 /* Debug */ = {
			isa = XCBuildConfiguration;
			buildSettings = {
				ASSETCATALOG_COMPILER_APPICON_NAME = AppIcon;
				ASSETCATALOG_COMPILER_GLOBAL_ACCENT_COLOR_NAME = AccentColor;
				CODE_SIGN_STYLE = Automatic;
				INFOPLIST_FILE = myMovies/Info.plist;
				LD_RUNPATH_SEARCH_PATHS = (
					"$(inherited)",
					"@executable_path/Frameworks",
				);
				PRODUCT_BUNDLE_IDENTIFIER = com.michelsantos.myMovies;
				PRODUCT_NAME = "$(TARGET_NAME)";
				SWIFT_VERSION = 5.0;
				TARGETED_DEVICE_FAMILY = "1,2";
			};
			name = Debug;
		};
		D0BDDAC9253D91900016F567 /* Release */ = {
			isa = XCBuildConfiguration;
			buildSettings = {
				ASSETCATALOG_COMPILER_APPICON_NAME = AppIcon;
				ASSETCATALOG_COMPILER_GLOBAL_ACCENT_COLOR_NAME = AccentColor;
				CODE_SIGN_STYLE = Automatic;
				INFOPLIST_FILE = myMovies/Info.plist;
				LD_RUNPATH_SEARCH_PATHS = (
					"$(inherited)",
					"@executable_path/Frameworks",
				);
				PRODUCT_BUNDLE_IDENTIFIER = com.michelsantos.myMovies;
				PRODUCT_NAME = "$(TARGET_NAME)";
				SWIFT_VERSION = 5.0;
				TARGETED_DEVICE_FAMILY = "1,2";
			};
			name = Release;
		};
/* End XCBuildConfiguration section */

/* Begin XCConfigurationList section */
		D0BDDAAE253D918C0016F567 /* Build configuration list for PBXProject "myMovies" */ = {
			isa = XCConfigurationList;
			buildConfigurations = (
				D0BDDAC5253D91900016F567 /* Debug */,
				D0BDDAC6253D91900016F567 /* Release */,
			);
			defaultConfigurationIsVisible = 0;
			defaultConfigurationName = Release;
		};
		D0BDDAC7253D91900016F567 /* Build configuration list for PBXNativeTarget "myMovies" */ = {
			isa = XCConfigurationList;
			buildConfigurations = (
				D0BDDAC8253D91900016F567 /* Debug */,
				D0BDDAC9253D91900016F567 /* Release */,
			);
			defaultConfigurationIsVisible = 0;
			defaultConfigurationName = Release;
		};
/* End XCConfigurationList section */
	};
	rootObject = D0BDDAAB253D918C0016F567 /* Project object */;
}
