// !$*UTF8*$!
{
	archiveVersion = 1;
	classes = {
	};
	objectVersion = 50;
	objects = {

/* Begin PBXBuildFile section */
		D08CA0E0254C3F850009CA06 /* AppDelegate.swift in Sources */ = {isa = PBXBuildFile; fileRef = D08CA0DF254C3F850009CA06 /* AppDelegate.swift */; };
		D08CA0E2254C3F850009CA06 /* SceneDelegate.swift in Sources */ = {isa = PBXBuildFile; fileRef = D08CA0E1254C3F850009CA06 /* SceneDelegate.swift */; };
		D08CA0E4254C3F850009CA06 /* ViewController.swift in Sources */ = {isa = PBXBuildFile; fileRef = D08CA0E3254C3F850009CA06 /* ViewController.swift */; };
		D08CA0E7254C3F850009CA06 /* Main.storyboard in Resources */ = {isa = PBXBuildFile; fileRef = D08CA0E5254C3F850009CA06 /* Main.storyboard */; };
		D08CA0E9254C3F890009CA06 /* Assets.xcassets in Resources */ = {isa = PBXBuildFile; fileRef = D08CA0E8254C3F890009CA06 /* Assets.xcassets */; };
		D08CA0EC254C3F890009CA06 /* LaunchScreen.storyboard in Resources */ = {isa = PBXBuildFile; fileRef = D08CA0EA254C3F890009CA06 /* LaunchScreen.storyboard */; };
		D08CA0F6254C42780009CA06 /* ItemTableViewCell.swift in Sources */ = {isa = PBXBuildFile; fileRef = D08CA0F5254C42780009CA06 /* ItemTableViewCell.swift */; };
		D08CA0FB254C43450009CA06 /* Item.swift in Sources */ = {isa = PBXBuildFile; fileRef = D08CA0FA254C43450009CA06 /* Item.swift */; };
		D0F136762552F3DE0018938C /* viewControllerExtension.swift in Sources */ = {isa = PBXBuildFile; fileRef = D0F136752552F3DE0018938C /* viewControllerExtension.swift */; };
/* End PBXBuildFile section */

/* Begin PBXFileReference section */
		D08CA0DC254C3F850009CA06 /* dojo_list_10_30.app */ = {isa = PBXFileReference; explicitFileType = wrapper.application; includeInIndex = 0; path = dojo_list_10_30.app; sourceTree = BUILT_PRODUCTS_DIR; };
		D08CA0DF254C3F850009CA06 /* AppDelegate.swift */ = {isa = PBXFileReference; lastKnownFileType = sourcecode.swift; path = AppDelegate.swift; sourceTree = "<group>"; };
		D08CA0E1254C3F850009CA06 /* SceneDelegate.swift */ = {isa = PBXFileReference; lastKnownFileType = sourcecode.swift; path = SceneDelegate.swift; sourceTree = "<group>"; };
		D08CA0E3254C3F850009CA06 /* ViewController.swift */ = {isa = PBXFileReference; lastKnownFileType = sourcecode.swift; path = ViewController.swift; sourceTree = "<group>"; };
		D08CA0E6254C3F850009CA06 /* Base */ = {isa = PBXFileReference; lastKnownFileType = file.storyboard; name = Base; path = Base.lproj/Main.storyboard; sourceTree = "<group>"; };
		D08CA0E8254C3F890009CA06 /* Assets.xcassets */ = {isa = PBXFileReference; lastKnownFileType = folder.assetcatalog; path = Assets.xcassets; sourceTree = "<group>"; };
		D08CA0EB254C3F890009CA06 /* Base */ = {isa = PBXFileReference; lastKnownFileType = file.storyboard; name = Base; path = Base.lproj/LaunchScreen.storyboard; sourceTree = "<group>"; };
		D08CA0ED254C3F890009CA06 /* Info.plist */ = {isa = PBXFileReference; lastKnownFileType = text.plist.xml; path = Info.plist; sourceTree = "<group>"; };
		D08CA0F5254C42780009CA06 /* ItemTableViewCell.swift */ = {isa = PBXFileReference; lastKnownFileType = sourcecode.swift; path = ItemTableViewCell.swift; sourceTree = "<group>"; };
		D08CA0FA254C43450009CA06 /* Item.swift */ = {isa = PBXFileReference; lastKnownFileType = sourcecode.swift; path = Item.swift; sourceTree = "<group>"; };
		D0F136752552F3DE0018938C /* viewControllerExtension.swift */ = {isa = PBXFileReference; lastKnownFileType = sourcecode.swift; path = viewControllerExtension.swift; sourceTree = "<group>"; };
/* End PBXFileReference section */

/* Begin PBXFrameworksBuildPhase section */
		D08CA0D9254C3F850009CA06 /* Frameworks */ = {
			isa = PBXFrameworksBuildPhase;
			buildActionMask = 2147483647;
			files = (
			);
			runOnlyForDeploymentPostprocessing = 0;
		};
/* End PBXFrameworksBuildPhase section */

/* Begin PBXGroup section */
		D08CA0D3254C3F850009CA06 = {
			isa = PBXGroup;
			children = (
				D08CA0DE254C3F850009CA06 /* dojo_list_10_30 */,
				D08CA0DD254C3F850009CA06 /* Products */,
			);
			sourceTree = "<group>";
		};
		D08CA0DD254C3F850009CA06 /* Products */ = {
			isa = PBXGroup;
			children = (
				D08CA0DC254C3F850009CA06 /* dojo_list_10_30.app */,
			);
			name = Products;
			sourceTree = "<group>";
		};
		D08CA0DE254C3F850009CA06 /* dojo_list_10_30 */ = {
			isa = PBXGroup;
			children = (
				D08CA0F8254C43260009CA06 /* Class */,
				D08CA0F4254C425A0009CA06 /* Cell */,
				D08CA0DF254C3F850009CA06 /* AppDelegate.swift */,
				D08CA0E1254C3F850009CA06 /* SceneDelegate.swift */,
				D0F136752552F3DE0018938C /* viewControllerExtension.swift */,
				D08CA0E3254C3F850009CA06 /* ViewController.swift */,
				D08CA0E5254C3F850009CA06 /* Main.storyboard */,
				D08CA0E8254C3F890009CA06 /* Assets.xcassets */,
				D08CA0EA254C3F890009CA06 /* LaunchScreen.storyboard */,
				D08CA0ED254C3F890009CA06 /* Info.plist */,
			);
			path = dojo_list_10_30;
			sourceTree = "<group>";
		};
		D08CA0F4254C425A0009CA06 /* Cell */ = {
			isa = PBXGroup;
			children = (
				D08CA0F5254C42780009CA06 /* ItemTableViewCell.swift */,
			);
			path = Cell;
			sourceTree = "<group>";
		};
		D08CA0F8254C43260009CA06 /* Class */ = {
			isa = PBXGroup;
			children = (
				D08CA0FA254C43450009CA06 /* Item.swift */,
			);
			path = Class;
			sourceTree = "<group>";
		};
/* End PBXGroup section */

/* Begin PBXNativeTarget section */
		D08CA0DB254C3F850009CA06 /* dojo_list_10_30 */ = {
			isa = PBXNativeTarget;
			buildConfigurationList = D08CA0F0254C3F890009CA06 /* Build configuration list for PBXNativeTarget "dojo_list_10_30" */;
			buildPhases = (
				D08CA0D8254C3F850009CA06 /* Sources */,
				D08CA0D9254C3F850009CA06 /* Frameworks */,
				D08CA0DA254C3F850009CA06 /* Resources */,
			);
			buildRules = (
			);
			dependencies = (
			);
			name = dojo_list_10_30;
			productName = dojo_list_10_30;
			productReference = D08CA0DC254C3F850009CA06 /* dojo_list_10_30.app */;
			productType = "com.apple.product-type.application";
		};
/* End PBXNativeTarget section */

/* Begin PBXProject section */
		D08CA0D4254C3F850009CA06 /* Project object */ = {
			isa = PBXProject;
			attributes = {
				LastSwiftUpdateCheck = 1210;
				LastUpgradeCheck = 1210;
				TargetAttributes = {
					D08CA0DB254C3F850009CA06 = {
						CreatedOnToolsVersion = 12.1;
					};
				};
			};
			buildConfigurationList = D08CA0D7254C3F850009CA06 /* Build configuration list for PBXProject "dojo_list_10_30" */;
			compatibilityVersion = "Xcode 9.3";
			developmentRegion = en;
			hasScannedForEncodings = 0;
			knownRegions = (
				en,
				Base,
			);
			mainGroup = D08CA0D3254C3F850009CA06;
			productRefGroup = D08CA0DD254C3F850009CA06 /* Products */;
			projectDirPath = "";
			projectRoot = "";
			targets = (
				D08CA0DB254C3F850009CA06 /* dojo_list_10_30 */,
			);
		};
/* End PBXProject section */

/* Begin PBXResourcesBuildPhase section */
		D08CA0DA254C3F850009CA06 /* Resources */ = {
			isa = PBXResourcesBuildPhase;
			buildActionMask = 2147483647;
			files = (
				D08CA0EC254C3F890009CA06 /* LaunchScreen.storyboard in Resources */,
				D08CA0E9254C3F890009CA06 /* Assets.xcassets in Resources */,
				D08CA0E7254C3F850009CA06 /* Main.storyboard in Resources */,
			);
			runOnlyForDeploymentPostprocessing = 0;
		};
/* End PBXResourcesBuildPhase section */

/* Begin PBXSourcesBuildPhase section */
		D08CA0D8254C3F850009CA06 /* Sources */ = {
			isa = PBXSourcesBuildPhase;
			buildActionMask = 2147483647;
			files = (
				D08CA0FB254C43450009CA06 /* Item.swift in Sources */,
				D08CA0F6254C42780009CA06 /* ItemTableViewCell.swift in Sources */,
				D08CA0E4254C3F850009CA06 /* ViewController.swift in Sources */,
				D08CA0E0254C3F850009CA06 /* AppDelegate.swift in Sources */,
				D0F136762552F3DE0018938C /* viewControllerExtension.swift in Sources */,
				D08CA0E2254C3F850009CA06 /* SceneDelegate.swift in Sources */,
			);
			runOnlyForDeploymentPostprocessing = 0;
		};
/* End PBXSourcesBuildPhase section */

/* Begin PBXVariantGroup section */
		D08CA0E5254C3F850009CA06 /* Main.storyboard */ = {
			isa = PBXVariantGroup;
			children = (
				D08CA0E6254C3F850009CA06 /* Base */,
			);
			name = Main.storyboard;
			sourceTree = "<group>";
		};
		D08CA0EA254C3F890009CA06 /* LaunchScreen.storyboard */ = {
			isa = PBXVariantGroup;
			children = (
				D08CA0EB254C3F890009CA06 /* Base */,
			);
			name = LaunchScreen.storyboard;
			sourceTree = "<group>";
		};
/* End PBXVariantGroup section */

/* Begin XCBuildConfiguration section */
		D08CA0EE254C3F890009CA06 /* Debug */ = {
			isa = XCBuildConfiguration;
			buildSettings = {
				ALWAYS_SEARCH_USER_PATHS = NO;
				CLANG_ANALYZER_NONNULL = YES;
				CLANG_ANALYZER_NUMBER_OBJECT_CONVERSION = YES_AGGRESSIVE;
				CLANG_CXX_LANGUAGE_STANDARD = "gnu++14";
				CLANG_CXX_LIBRARY = "libc++";
				CLANG_ENABLE_MODULES = YES;
				CLANG_ENABLE_OBJC_ARC = YES;
				CLANG_ENABLE_OBJC_WEAK = YES;
				CLANG_WARN_BLOCK_CAPTURE_AUTORELEASING = YES;
				CLANG_WARN_BOOL_CONVERSION = YES;
				CLANG_WARN_COMMA = YES;
				CLANG_WARN_CONSTANT_CONVERSION = YES;
				CLANG_WARN_DEPRECATED_OBJC_IMPLEMENTATIONS = YES;
				CLANG_WARN_DIRECT_OBJC_ISA_USAGE = YES_ERROR;
				CLANG_WARN_DOCUMENTATION_COMMENTS = YES;
				CLANG_WARN_EMPTY_BODY = YES;
				CLANG_WARN_ENUM_CONVERSION = YES;
				CLANG_WARN_INFINITE_RECURSION = YES;
				CLANG_WARN_INT_CONVERSION = YES;
				CLANG_WARN_NON_LITERAL_NULL_CONVERSION = YES;
				CLANG_WARN_OBJC_IMPLICIT_RETAIN_SELF = YES;
				CLANG_WARN_OBJC_LITERAL_CONVERSION = YES;
				CLANG_WARN_OBJC_ROOT_CLASS = YES_ERROR;
				CLANG_WARN_QUOTED_INCLUDE_IN_FRAMEWORK_HEADER = YES;
				CLANG_WARN_RANGE_LOOP_ANALYSIS = YES;
				CLANG_WARN_STRICT_PROTOTYPES = YES;
				CLANG_WARN_SUSPICIOUS_MOVE = YES;
				CLANG_WARN_UNGUARDED_AVAILABILITY = YES_AGGRESSIVE;
				CLANG_WARN_UNREACHABLE_CODE = YES;
				CLANG_WARN__DUPLICATE_METHOD_MATCH = YES;
				COPY_PHASE_STRIP = NO;
				DEBUG_INFORMATION_FORMAT = dwarf;
				ENABLE_STRICT_OBJC_MSGSEND = YES;
				ENABLE_TESTABILITY = YES;
				GCC_C_LANGUAGE_STANDARD = gnu11;
				GCC_DYNAMIC_NO_PIC = NO;
				GCC_NO_COMMON_BLOCKS = YES;
				GCC_OPTIMIZATION_LEVEL = 0;
				GCC_PREPROCESSOR_DEFINITIONS = (
					"DEBUG=1",
					"$(inherited)",
				);
				GCC_WARN_64_TO_32_BIT_CONVERSION = YES;
				GCC_WARN_ABOUT_RETURN_TYPE = YES_ERROR;
				GCC_WARN_UNDECLARED_SELECTOR = YES;
				GCC_WARN_UNINITIALIZED_AUTOS = YES_AGGRESSIVE;
				GCC_WARN_UNUSED_FUNCTION = YES;
				GCC_WARN_UNUSED_VARIABLE = YES;
				IPHONEOS_DEPLOYMENT_TARGET = 14.1;
				MTL_ENABLE_DEBUG_INFO = INCLUDE_SOURCE;
				MTL_FAST_MATH = YES;
				ONLY_ACTIVE_ARCH = YES;
				SDKROOT = iphoneos;
				SWIFT_ACTIVE_COMPILATION_CONDITIONS = DEBUG;
				SWIFT_OPTIMIZATION_LEVEL = "-Onone";
			};
			name = Debug;
		};
		D08CA0EF254C3F890009CA06 /* Release */ = {
			isa = XCBuildConfiguration;
			buildSettings = {
				ALWAYS_SEARCH_USER_PATHS = NO;
				CLANG_ANALYZER_NONNULL = YES;
				CLANG_ANALYZER_NUMBER_OBJECT_CONVERSION = YES_AGGRESSIVE;
				CLANG_CXX_LANGUAGE_STANDARD = "gnu++14";
				CLANG_CXX_LIBRARY = "libc++";
				CLANG_ENABLE_MODULES = YES;
				CLANG_ENABLE_OBJC_ARC = YES;
				CLANG_ENABLE_OBJC_WEAK = YES;
				CLANG_WARN_BLOCK_CAPTURE_AUTORELEASING = YES;
				CLANG_WARN_BOOL_CONVERSION = YES;
				CLANG_WARN_COMMA = YES;
				CLANG_WARN_CONSTANT_CONVERSION = YES;
				CLANG_WARN_DEPRECATED_OBJC_IMPLEMENTATIONS = YES;
				CLANG_WARN_DIRECT_OBJC_ISA_USAGE = YES_ERROR;
				CLANG_WARN_DOCUMENTATION_COMMENTS = YES;
				CLANG_WARN_EMPTY_BODY = YES;
				CLANG_WARN_ENUM_CONVERSION = YES;
				CLANG_WARN_INFINITE_RECURSION = YES;
				CLANG_WARN_INT_CONVERSION = YES;
				CLANG_WARN_NON_LITERAL_NULL_CONVERSION = YES;
				CLANG_WARN_OBJC_IMPLICIT_RETAIN_SELF = YES;
				CLANG_WARN_OBJC_LITERAL_CONVERSION = YES;
				CLANG_WARN_OBJC_ROOT_CLASS = YES_ERROR;
				CLANG_WARN_QUOTED_INCLUDE_IN_FRAMEWORK_HEADER = YES;
				CLANG_WARN_RANGE_LOOP_ANALYSIS = YES;
				CLANG_WARN_STRICT_PROTOTYPES = YES;
				CLANG_WARN_SUSPICIOUS_MOVE = YES;
				CLANG_WARN_UNGUARDED_AVAILABILITY = YES_AGGRESSIVE;
				CLANG_WARN_UNREACHABLE_CODE = YES;
				CLANG_WARN__DUPLICATE_METHOD_MATCH = YES;
				COPY_PHASE_STRIP = NO;
				DEBUG_INFORMATION_FORMAT = "dwarf-with-dsym";
				ENABLE_NS_ASSERTIONS = NO;
				ENABLE_STRICT_OBJC_MSGSEND = YES;
				GCC_C_LANGUAGE_STANDARD = gnu11;
				GCC_NO_COMMON_BLOCKS = YES;
				GCC_WARN_64_TO_32_BIT_CONVERSION = YES;
				GCC_WARN_ABOUT_RETURN_TYPE = YES_ERROR;
				GCC_WARN_UNDECLARED_SELECTOR = YES;
				GCC_WARN_UNINITIALIZED_AUTOS = YES_AGGRESSIVE;
				GCC_WARN_UNUSED_FUNCTION = YES;
				GCC_WARN_UNUSED_VARIABLE = YES;
				IPHONEOS_DEPLOYMENT_TARGET = 14.1;
				MTL_ENABLE_DEBUG_INFO = NO;
				MTL_FAST_MATH = YES;
				SDKROOT = iphoneos;
				SWIFT_COMPILATION_MODE = wholemodule;
				SWIFT_OPTIMIZATION_LEVEL = "-O";
				VALIDATE_PRODUCT = YES;
			};
			name = Release;
		};
		D08CA0F1254C3F890009CA06 /* Debug */ = {
			isa = XCBuildConfiguration;
			buildSettings = {
				ASSETCATALOG_COMPILER_APPICON_NAME = AppIcon;
				ASSETCATALOG_COMPILER_GLOBAL_ACCENT_COLOR_NAME = AccentColor;
				CODE_SIGN_STYLE = Automatic;
				INFOPLIST_FILE = dojo_list_10_30/Info.plist;
				LD_RUNPATH_SEARCH_PATHS = (
					"$(inherited)",
					"@executable_path/Frameworks",
				);
				PRODUCT_BUNDLE_IDENTIFIER = "com.michelsantos.dojo-list-10-30";
				PRODUCT_NAME = "$(TARGET_NAME)";
				SWIFT_VERSION = 5.0;
				TARGETED_DEVICE_FAMILY = "1,2";
			};
			name = Debug;
		};
		D08CA0F2254C3F890009CA06 /* Release */ = {
			isa = XCBuildConfiguration;
			buildSettings = {
				ASSETCATALOG_COMPILER_APPICON_NAME = AppIcon;
				ASSETCATALOG_COMPILER_GLOBAL_ACCENT_COLOR_NAME = AccentColor;
				CODE_SIGN_STYLE = Automatic;
				INFOPLIST_FILE = dojo_list_10_30/Info.plist;
				LD_RUNPATH_SEARCH_PATHS = (
					"$(inherited)",
					"@executable_path/Frameworks",
				);
				PRODUCT_BUNDLE_IDENTIFIER = "com.michelsantos.dojo-list-10-30";
				PRODUCT_NAME = "$(TARGET_NAME)";
				SWIFT_VERSION = 5.0;
				TARGETED_DEVICE_FAMILY = "1,2";
			};
			name = Release;
		};
/* End XCBuildConfiguration section */

/* Begin XCConfigurationList section */
		D08CA0D7254C3F850009CA06 /* Build configuration list for PBXProject "dojo_list_10_30" */ = {
			isa = XCConfigurationList;
			buildConfigurations = (
				D08CA0EE254C3F890009CA06 /* Debug */,
				D08CA0EF254C3F890009CA06 /* Release */,
			);
			defaultConfigurationIsVisible = 0;
			defaultConfigurationName = Release;
		};
		D08CA0F0254C3F890009CA06 /* Build configuration list for PBXNativeTarget "dojo_list_10_30" */ = {
			isa = XCConfigurationList;
			buildConfigurations = (
				D08CA0F1254C3F890009CA06 /* Debug */,
				D08CA0F2254C3F890009CA06 /* Release */,
			);
			defaultConfigurationIsVisible = 0;
			defaultConfigurationName = Release;
		};
/* End XCConfigurationList section */
	};
	rootObject = D08CA0D4254C3F850009CA06 /* Project object */;
}
