// !$*UTF8*$!
{
	archiveVersion = 1;
	classes = {
	};
	objectVersion = 50;
	objects = {

/* Begin PBXBuildFile section */
		D02A9F59251EC43B00EA66CA /* AppDelegate.swift in Sources */ = {isa = PBXBuildFile; fileRef = D02A9F58251EC43B00EA66CA /* AppDelegate.swift */; };
		D02A9F5B251EC43B00EA66CA /* SceneDelegate.swift in Sources */ = {isa = PBXBuildFile; fileRef = D02A9F5A251EC43B00EA66CA /* SceneDelegate.swift */; };
		D02A9F5D251EC43B00EA66CA /* ViewController.swift in Sources */ = {isa = PBXBuildFile; fileRef = D02A9F5C251EC43B00EA66CA /* ViewController.swift */; };
		D02A9F60251EC43B00EA66CA /* Main.storyboard in Resources */ = {isa = PBXBuildFile; fileRef = D02A9F5E251EC43B00EA66CA /* Main.storyboard */; };
		D02A9F62251EC43F00EA66CA /* Assets.xcassets in Resources */ = {isa = PBXBuildFile; fileRef = D02A9F61251EC43F00EA66CA /* Assets.xcassets */; };
		D02A9F65251EC43F00EA66CA /* LaunchScreen.storyboard in Resources */ = {isa = PBXBuildFile; fileRef = D02A9F63251EC43F00EA66CA /* LaunchScreen.storyboard */; };
		D02A9F6E251EC66200EA66CA /* download.jpeg in Resources */ = {isa = PBXBuildFile; fileRef = D02A9F6D251EC66200EA66CA /* download.jpeg */; };
/* End PBXBuildFile section */

/* Begin PBXFileReference section */
		D02A9F55251EC43B00EA66CA /* refazEcercicioTableView.app */ = {isa = PBXFileReference; explicitFileType = wrapper.application; includeInIndex = 0; path = refazEcercicioTableView.app; sourceTree = BUILT_PRODUCTS_DIR; };
		D02A9F58251EC43B00EA66CA /* AppDelegate.swift */ = {isa = PBXFileReference; lastKnownFileType = sourcecode.swift; path = AppDelegate.swift; sourceTree = "<group>"; };
		D02A9F5A251EC43B00EA66CA /* SceneDelegate.swift */ = {isa = PBXFileReference; lastKnownFileType = sourcecode.swift; path = SceneDelegate.swift; sourceTree = "<group>"; };
		D02A9F5C251EC43B00EA66CA /* ViewController.swift */ = {isa = PBXFileReference; lastKnownFileType = sourcecode.swift; path = ViewController.swift; sourceTree = "<group>"; };
		D02A9F5F251EC43B00EA66CA /* Base */ = {isa = PBXFileReference; lastKnownFileType = file.storyboard; name = Base; path = Base.lproj/Main.storyboard; sourceTree = "<group>"; };
		D02A9F61251EC43F00EA66CA /* Assets.xcassets */ = {isa = PBXFileReference; lastKnownFileType = folder.assetcatalog; path = Assets.xcassets; sourceTree = "<group>"; };
		D02A9F64251EC43F00EA66CA /* Base */ = {isa = PBXFileReference; lastKnownFileType = file.storyboard; name = Base; path = Base.lproj/LaunchScreen.storyboard; sourceTree = "<group>"; };
		D02A9F66251EC43F00EA66CA /* Info.plist */ = {isa = PBXFileReference; lastKnownFileType = text.plist.xml; path = Info.plist; sourceTree = "<group>"; };
		D02A9F6D251EC66200EA66CA /* download.jpeg */ = {isa = PBXFileReference; lastKnownFileType = image.jpeg; path = download.jpeg; sourceTree = "<group>"; };
/* End PBXFileReference section */

/* Begin PBXFrameworksBuildPhase section */
		D02A9F52251EC43B00EA66CA /* Frameworks */ = {
			isa = PBXFrameworksBuildPhase;
			buildActionMask = 2147483647;
			files = (
			);
			runOnlyForDeploymentPostprocessing = 0;
		};
/* End PBXFrameworksBuildPhase section */

/* Begin PBXGroup section */
		D02A9F4C251EC43B00EA66CA = {
			isa = PBXGroup;
			children = (
				D02A9F57251EC43B00EA66CA /* refazEcercicioTableView */,
				D02A9F56251EC43B00EA66CA /* Products */,
			);
			sourceTree = "<group>";
		};
		D02A9F56251EC43B00EA66CA /* Products */ = {
			isa = PBXGroup;
			children = (
				D02A9F55251EC43B00EA66CA /* refazEcercicioTableView.app */,
			);
			name = Products;
			sourceTree = "<group>";
		};
		D02A9F57251EC43B00EA66CA /* refazEcercicioTableView */ = {
			isa = PBXGroup;
			children = (
				D02A9F58251EC43B00EA66CA /* AppDelegate.swift */,
				D02A9F5A251EC43B00EA66CA /* SceneDelegate.swift */,
				D02A9F5C251EC43B00EA66CA /* ViewController.swift */,
				D02A9F5E251EC43B00EA66CA /* Main.storyboard */,
				D02A9F61251EC43F00EA66CA /* Assets.xcassets */,
				D02A9F63251EC43F00EA66CA /* LaunchScreen.storyboard */,
				D02A9F66251EC43F00EA66CA /* Info.plist */,
				D02A9F6D251EC66200EA66CA /* download.jpeg */,
			);
			path = refazEcercicioTableView;
			sourceTree = "<group>";
		};
/* End PBXGroup section */

/* Begin PBXNativeTarget section */
		D02A9F54251EC43B00EA66CA /* refazEcercicioTableView */ = {
			isa = PBXNativeTarget;
			buildConfigurationList = D02A9F69251EC43F00EA66CA /* Build configuration list for PBXNativeTarget "refazEcercicioTableView" */;
			buildPhases = (
				D02A9F51251EC43B00EA66CA /* Sources */,
				D02A9F52251EC43B00EA66CA /* Frameworks */,
				D02A9F53251EC43B00EA66CA /* Resources */,
			);
			buildRules = (
			);
			dependencies = (
			);
			name = refazEcercicioTableView;
			productName = refazEcercicioTableView;
			productReference = D02A9F55251EC43B00EA66CA /* refazEcercicioTableView.app */;
			productType = "com.apple.product-type.application";
		};
/* End PBXNativeTarget section */

/* Begin PBXProject section */
		D02A9F4D251EC43B00EA66CA /* Project object */ = {
			isa = PBXProject;
			attributes = {
				LastSwiftUpdateCheck = 1200;
				LastUpgradeCheck = 1200;
				TargetAttributes = {
					D02A9F54251EC43B00EA66CA = {
						CreatedOnToolsVersion = 12.0;
					};
				};
			};
			buildConfigurationList = D02A9F50251EC43B00EA66CA /* Build configuration list for PBXProject "refazEcercicioTableView" */;
			compatibilityVersion = "Xcode 9.3";
			developmentRegion = en;
			hasScannedForEncodings = 0;
			knownRegions = (
				en,
				Base,
			);
			mainGroup = D02A9F4C251EC43B00EA66CA;
			productRefGroup = D02A9F56251EC43B00EA66CA /* Products */;
			projectDirPath = "";
			projectRoot = "";
			targets = (
				D02A9F54251EC43B00EA66CA /* refazEcercicioTableView */,
			);
		};
/* End PBXProject section */

/* Begin PBXResourcesBuildPhase section */
		D02A9F53251EC43B00EA66CA /* Resources */ = {
			isa = PBXResourcesBuildPhase;
			buildActionMask = 2147483647;
			files = (
				D02A9F65251EC43F00EA66CA /* LaunchScreen.storyboard in Resources */,
				D02A9F6E251EC66200EA66CA /* download.jpeg in Resources */,
				D02A9F62251EC43F00EA66CA /* Assets.xcassets in Resources */,
				D02A9F60251EC43B00EA66CA /* Main.storyboard in Resources */,
			);
			runOnlyForDeploymentPostprocessing = 0;
		};
/* End PBXResourcesBuildPhase section */

/* Begin PBXSourcesBuildPhase section */
		D02A9F51251EC43B00EA66CA /* Sources */ = {
			isa = PBXSourcesBuildPhase;
			buildActionMask = 2147483647;
			files = (
				D02A9F5D251EC43B00EA66CA /* ViewController.swift in Sources */,
				D02A9F59251EC43B00EA66CA /* AppDelegate.swift in Sources */,
				D02A9F5B251EC43B00EA66CA /* SceneDelegate.swift in Sources */,
			);
			runOnlyForDeploymentPostprocessing = 0;
		};
/* End PBXSourcesBuildPhase section */

/* Begin PBXVariantGroup section */
		D02A9F5E251EC43B00EA66CA /* Main.storyboard */ = {
			isa = PBXVariantGroup;
			children = (
				D02A9F5F251EC43B00EA66CA /* Base */,
			);
			name = Main.storyboard;
			sourceTree = "<group>";
		};
		D02A9F63251EC43F00EA66CA /* LaunchScreen.storyboard */ = {
			isa = PBXVariantGroup;
			children = (
				D02A9F64251EC43F00EA66CA /* Base */,
			);
			name = LaunchScreen.storyboard;
			sourceTree = "<group>";
		};
/* End PBXVariantGroup section */

/* Begin XCBuildConfiguration section */
		D02A9F67251EC43F00EA66CA /* Debug */ = {
			isa = XCBuildConfiguration;
			buildSettings = {
				ALWAYS_SEARCH_USER_PATHS = NO;
				CLANG_ANALYZER_NONNULL = YES;
				CLANG_ANALYZER_NUMBER_OBJECT_CONVERSION = YES_AGGRESSIVE;
				CLANG_CXX_LANGUAGE_STANDARD = "gnu++14";
				CLANG_CXX_LIBRARY = "libc++";
				CLANG_ENABLE_MODULES = YES;
				CLANG_ENABLE_OBJC_ARC = YES;
				CLANG_ENABLE_OBJC_WEAK = YES;
				CLANG_WARN_BLOCK_CAPTURE_AUTORELEASING = YES;
				CLANG_WARN_BOOL_CONVERSION = YES;
				CLANG_WARN_COMMA = YES;
				CLANG_WARN_CONSTANT_CONVERSION = YES;
				CLANG_WARN_DEPRECATED_OBJC_IMPLEMENTATIONS = YES;
				CLANG_WARN_DIRECT_OBJC_ISA_USAGE = YES_ERROR;
				CLANG_WARN_DOCUMENTATION_COMMENTS = YES;
				CLANG_WARN_EMPTY_BODY = YES;
				CLANG_WARN_ENUM_CONVERSION = YES;
				CLANG_WARN_INFINITE_RECURSION = YES;
				CLANG_WARN_INT_CONVERSION = YES;
				CLANG_WARN_NON_LITERAL_NULL_CONVERSION = YES;
				CLANG_WARN_OBJC_IMPLICIT_RETAIN_SELF = YES;
				CLANG_WARN_OBJC_LITERAL_CONVERSION = YES;
				CLANG_WARN_OBJC_ROOT_CLASS = YES_ERROR;
				CLANG_WARN_QUOTED_INCLUDE_IN_FRAMEWORK_HEADER = YES;
				CLANG_WARN_RANGE_LOOP_ANALYSIS = YES;
				CLANG_WARN_STRICT_PROTOTYPES = YES;
				CLANG_WARN_SUSPICIOUS_MOVE = YES;
				CLANG_WARN_UNGUARDED_AVAILABILITY = YES_AGGRESSIVE;
				CLANG_WARN_UNREACHABLE_CODE = YES;
				CLANG_WARN__DUPLICATE_METHOD_MATCH = YES;
				COPY_PHASE_STRIP = NO;
				DEBUG_INFORMATION_FORMAT = dwarf;
				ENABLE_STRICT_OBJC_MSGSEND = YES;
				ENABLE_TESTABILITY = YES;
				GCC_C_LANGUAGE_STANDARD = gnu11;
				GCC_DYNAMIC_NO_PIC = NO;
				GCC_NO_COMMON_BLOCKS = YES;
				GCC_OPTIMIZATION_LEVEL = 0;
				GCC_PREPROCESSOR_DEFINITIONS = (
					"DEBUG=1",
					"$(inherited)",
				);
				GCC_WARN_64_TO_32_BIT_CONVERSION = YES;
				GCC_WARN_ABOUT_RETURN_TYPE = YES_ERROR;
				GCC_WARN_UNDECLARED_SELECTOR = YES;
				GCC_WARN_UNINITIALIZED_AUTOS = YES_AGGRESSIVE;
				GCC_WARN_UNUSED_FUNCTION = YES;
				GCC_WARN_UNUSED_VARIABLE = YES;
				IPHONEOS_DEPLOYMENT_TARGET = 14.0;
				MTL_ENABLE_DEBUG_INFO = INCLUDE_SOURCE;
				MTL_FAST_MATH = YES;
				ONLY_ACTIVE_ARCH = YES;
				SDKROOT = iphoneos;
				SWIFT_ACTIVE_COMPILATION_CONDITIONS = DEBUG;
				SWIFT_OPTIMIZATION_LEVEL = "-Onone";
			};
			name = Debug;
		};
		D02A9F68251EC43F00EA66CA /* Release */ = {
			isa = XCBuildConfiguration;
			buildSettings = {
				ALWAYS_SEARCH_USER_PATHS = NO;
				CLANG_ANALYZER_NONNULL = YES;
				CLANG_ANALYZER_NUMBER_OBJECT_CONVERSION = YES_AGGRESSIVE;
				CLANG_CXX_LANGUAGE_STANDARD = "gnu++14";
				CLANG_CXX_LIBRARY = "libc++";
				CLANG_ENABLE_MODULES = YES;
				CLANG_ENABLE_OBJC_ARC = YES;
				CLANG_ENABLE_OBJC_WEAK = YES;
				CLANG_WARN_BLOCK_CAPTURE_AUTORELEASING = YES;
				CLANG_WARN_BOOL_CONVERSION = YES;
				CLANG_WARN_COMMA = YES;
				CLANG_WARN_CONSTANT_CONVERSION = YES;
				CLANG_WARN_DEPRECATED_OBJC_IMPLEMENTATIONS = YES;
				CLANG_WARN_DIRECT_OBJC_ISA_USAGE = YES_ERROR;
				CLANG_WARN_DOCUMENTATION_COMMENTS = YES;
				CLANG_WARN_EMPTY_BODY = YES;
				CLANG_WARN_ENUM_CONVERSION = YES;
				CLANG_WARN_INFINITE_RECURSION = YES;
				CLANG_WARN_INT_CONVERSION = YES;
				CLANG_WARN_NON_LITERAL_NULL_CONVERSION = YES;
				CLANG_WARN_OBJC_IMPLICIT_RETAIN_SELF = YES;
				CLANG_WARN_OBJC_LITERAL_CONVERSION = YES;
				CLANG_WARN_OBJC_ROOT_CLASS = YES_ERROR;
				CLANG_WARN_QUOTED_INCLUDE_IN_FRAMEWORK_HEADER = YES;
				CLANG_WARN_RANGE_LOOP_ANALYSIS = YES;
				CLANG_WARN_STRICT_PROTOTYPES = YES;
				CLANG_WARN_SUSPICIOUS_MOVE = YES;
				CLANG_WARN_UNGUARDED_AVAILABILITY = YES_AGGRESSIVE;
				CLANG_WARN_UNREACHABLE_CODE = YES;
				CLANG_WARN__DUPLICATE_METHOD_MATCH = YES;
				COPY_PHASE_STRIP = NO;
				DEBUG_INFORMATION_FORMAT = "dwarf-with-dsym";
				ENABLE_NS_ASSERTIONS = NO;
				ENABLE_STRICT_OBJC_MSGSEND = YES;
				GCC_C_LANGUAGE_STANDARD = gnu11;
				GCC_NO_COMMON_BLOCKS = YES;
				GCC_WARN_64_TO_32_BIT_CONVERSION = YES;
				GCC_WARN_ABOUT_RETURN_TYPE = YES_ERROR;
				GCC_WARN_UNDECLARED_SELECTOR = YES;
				GCC_WARN_UNINITIALIZED_AUTOS = YES_AGGRESSIVE;
				GCC_WARN_UNUSED_FUNCTION = YES;
				GCC_WARN_UNUSED_VARIABLE = YES;
				IPHONEOS_DEPLOYMENT_TARGET = 14.0;
				MTL_ENABLE_DEBUG_INFO = NO;
				MTL_FAST_MATH = YES;
				SDKROOT = iphoneos;
				SWIFT_COMPILATION_MODE = wholemodule;
				SWIFT_OPTIMIZATION_LEVEL = "-O";
				VALIDATE_PRODUCT = YES;
			};
			name = Release;
		};
		D02A9F6A251EC43F00EA66CA /* Debug */ = {
			isa = XCBuildConfiguration;
			buildSettings = {
				ASSETCATALOG_COMPILER_APPICON_NAME = AppIcon;
				ASSETCATALOG_COMPILER_GLOBAL_ACCENT_COLOR_NAME = AccentColor;
				CODE_SIGN_STYLE = Automatic;
				INFOPLIST_FILE = refazEcercicioTableView/Info.plist;
				LD_RUNPATH_SEARCH_PATHS = (
					"$(inherited)",
					"@executable_path/Frameworks",
				);
				PRODUCT_BUNDLE_IDENTIFIER = com.michelsantos.refazEcercicioTableView;
				PRODUCT_NAME = "$(TARGET_NAME)";
				SWIFT_VERSION = 5.0;
				TARGETED_DEVICE_FAMILY = "1,2";
			};
			name = Debug;
		};
		D02A9F6B251EC43F00EA66CA /* Release */ = {
			isa = XCBuildConfiguration;
			buildSettings = {
				ASSETCATALOG_COMPILER_APPICON_NAME = AppIcon;
				ASSETCATALOG_COMPILER_GLOBAL_ACCENT_COLOR_NAME = AccentColor;
				CODE_SIGN_STYLE = Automatic;
				INFOPLIST_FILE = refazEcercicioTableView/Info.plist;
				LD_RUNPATH_SEARCH_PATHS = (
					"$(inherited)",
					"@executable_path/Frameworks",
				);
				PRODUCT_BUNDLE_IDENTIFIER = com.michelsantos.refazEcercicioTableView;
				PRODUCT_NAME = "$(TARGET_NAME)";
				SWIFT_VERSION = 5.0;
				TARGETED_DEVICE_FAMILY = "1,2";
			};
			name = Release;
		};
/* End XCBuildConfiguration section */

/* Begin XCConfigurationList section */
		D02A9F50251EC43B00EA66CA /* Build configuration list for PBXProject "refazEcercicioTableView" */ = {
			isa = XCConfigurationList;
			buildConfigurations = (
				D02A9F67251EC43F00EA66CA /* Debug */,
				D02A9F68251EC43F00EA66CA /* Release */,
			);
			defaultConfigurationIsVisible = 0;
			defaultConfigurationName = Release;
		};
		D02A9F69251EC43F00EA66CA /* Build configuration list for PBXNativeTarget "refazEcercicioTableView" */ = {
			isa = XCConfigurationList;
			buildConfigurations = (
				D02A9F6A251EC43F00EA66CA /* Debug */,
				D02A9F6B251EC43F00EA66CA /* Release */,
			);
			defaultConfigurationIsVisible = 0;
			defaultConfigurationName = Release;
		};
/* End XCConfigurationList section */
	};
	rootObject = D02A9F4D251EC43B00EA66CA /* Project object */;
}
