// !$*UTF8*$!
{
	archiveVersion = 1;
	classes = {
	};
	objectVersion = 50;
	objects = {

/* Begin PBXBuildFile section */
		D0F7B1CB2537D9BA00D7B5D9 /* AppDelegate.swift in Sources */ = {isa = PBXBuildFile; fileRef = D0F7B1CA2537D9BA00D7B5D9 /* AppDelegate.swift */; };
		D0F7B1CD2537D9BA00D7B5D9 /* SceneDelegate.swift in Sources */ = {isa = PBXBuildFile; fileRef = D0F7B1CC2537D9BA00D7B5D9 /* SceneDelegate.swift */; };
		D0F7B1CF2537D9BA00D7B5D9 /* ViewController.swift in Sources */ = {isa = PBXBuildFile; fileRef = D0F7B1CE2537D9BA00D7B5D9 /* ViewController.swift */; };
		D0F7B1D22537D9BA00D7B5D9 /* Main.storyboard in Resources */ = {isa = PBXBuildFile; fileRef = D0F7B1D02537D9BA00D7B5D9 /* Main.storyboard */; };
		D0F7B1D42537D9BE00D7B5D9 /* Assets.xcassets in Resources */ = {isa = PBXBuildFile; fileRef = D0F7B1D32537D9BE00D7B5D9 /* Assets.xcassets */; };
		D0F7B1D72537D9BE00D7B5D9 /* LaunchScreen.storyboard in Resources */ = {isa = PBXBuildFile; fileRef = D0F7B1D52537D9BE00D7B5D9 /* LaunchScreen.storyboard */; };
		D0F7B1E12537DA3700D7B5D9 /* City.swift in Sources */ = {isa = PBXBuildFile; fileRef = D0F7B1E02537DA3700D7B5D9 /* City.swift */; };
		D0F7B1E62537DF5F00D7B5D9 /* listTableViewCell.swift in Sources */ = {isa = PBXBuildFile; fileRef = D0F7B1E52537DF5F00D7B5D9 /* listTableViewCell.swift */; };
/* End PBXBuildFile section */

/* Begin PBXFileReference section */
		D0F7B1C72537D9BA00D7B5D9 /* desafioPickerView.app */ = {isa = PBXFileReference; explicitFileType = wrapper.application; includeInIndex = 0; path = desafioPickerView.app; sourceTree = BUILT_PRODUCTS_DIR; };
		D0F7B1CA2537D9BA00D7B5D9 /* AppDelegate.swift */ = {isa = PBXFileReference; lastKnownFileType = sourcecode.swift; path = AppDelegate.swift; sourceTree = "<group>"; };
		D0F7B1CC2537D9BA00D7B5D9 /* SceneDelegate.swift */ = {isa = PBXFileReference; lastKnownFileType = sourcecode.swift; path = SceneDelegate.swift; sourceTree = "<group>"; };
		D0F7B1CE2537D9BA00D7B5D9 /* ViewController.swift */ = {isa = PBXFileReference; lastKnownFileType = sourcecode.swift; path = ViewController.swift; sourceTree = "<group>"; };
		D0F7B1D12537D9BA00D7B5D9 /* Base */ = {isa = PBXFileReference; lastKnownFileType = file.storyboard; name = Base; path = Base.lproj/Main.storyboard; sourceTree = "<group>"; };
		D0F7B1D32537D9BE00D7B5D9 /* Assets.xcassets */ = {isa = PBXFileReference; lastKnownFileType = folder.assetcatalog; path = Assets.xcassets; sourceTree = "<group>"; };
		D0F7B1D62537D9BE00D7B5D9 /* Base */ = {isa = PBXFileReference; lastKnownFileType = file.storyboard; name = Base; path = Base.lproj/LaunchScreen.storyboard; sourceTree = "<group>"; };
		D0F7B1D82537D9BE00D7B5D9 /* Info.plist */ = {isa = PBXFileReference; lastKnownFileType = text.plist.xml; path = Info.plist; sourceTree = "<group>"; };
		D0F7B1E02537DA3700D7B5D9 /* City.swift */ = {isa = PBXFileReference; lastKnownFileType = sourcecode.swift; path = City.swift; sourceTree = "<group>"; };
		D0F7B1E52537DF5F00D7B5D9 /* listTableViewCell.swift */ = {isa = PBXFileReference; lastKnownFileType = sourcecode.swift; path = listTableViewCell.swift; sourceTree = "<group>"; };
/* End PBXFileReference section */

/* Begin PBXFrameworksBuildPhase section */
		D0F7B1C42537D9BA00D7B5D9 /* Frameworks */ = {
			isa = PBXFrameworksBuildPhase;
			buildActionMask = 2147483647;
			files = (
			);
			runOnlyForDeploymentPostprocessing = 0;
		};
/* End PBXFrameworksBuildPhase section */

/* Begin PBXGroup section */
		D0F7B1BE2537D9BA00D7B5D9 = {
			isa = PBXGroup;
			children = (
				D0F7B1C92537D9BA00D7B5D9 /* desafioPickerView */,
				D0F7B1C82537D9BA00D7B5D9 /* Products */,
			);
			sourceTree = "<group>";
		};
		D0F7B1C82537D9BA00D7B5D9 /* Products */ = {
			isa = PBXGroup;
			children = (
				D0F7B1C72537D9BA00D7B5D9 /* desafioPickerView.app */,
			);
			name = Products;
			sourceTree = "<group>";
		};
		D0F7B1C92537D9BA00D7B5D9 /* desafioPickerView */ = {
			isa = PBXGroup;
			children = (
				D0F7B1E42537DF3F00D7B5D9 /* Cell */,
				D0F7B1DF2537DA2600D7B5D9 /* Class */,
				D0F7B1CA2537D9BA00D7B5D9 /* AppDelegate.swift */,
				D0F7B1CC2537D9BA00D7B5D9 /* SceneDelegate.swift */,
				D0F7B1CE2537D9BA00D7B5D9 /* ViewController.swift */,
				D0F7B1D02537D9BA00D7B5D9 /* Main.storyboard */,
				D0F7B1D32537D9BE00D7B5D9 /* Assets.xcassets */,
				D0F7B1D52537D9BE00D7B5D9 /* LaunchScreen.storyboard */,
				D0F7B1D82537D9BE00D7B5D9 /* Info.plist */,
			);
			path = desafioPickerView;
			sourceTree = "<group>";
		};
		D0F7B1DF2537DA2600D7B5D9 /* Class */ = {
			isa = PBXGroup;
			children = (
				D0F7B1E02537DA3700D7B5D9 /* City.swift */,
			);
			path = Class;
			sourceTree = "<group>";
		};
		D0F7B1E42537DF3F00D7B5D9 /* Cell */ = {
			isa = PBXGroup;
			children = (
				D0F7B1E52537DF5F00D7B5D9 /* listTableViewCell.swift */,
			);
			path = Cell;
			sourceTree = "<group>";
		};
/* End PBXGroup section */

/* Begin PBXNativeTarget section */
		D0F7B1C62537D9BA00D7B5D9 /* desafioPickerView */ = {
			isa = PBXNativeTarget;
			buildConfigurationList = D0F7B1DB2537D9BE00D7B5D9 /* Build configuration list for PBXNativeTarget "desafioPickerView" */;
			buildPhases = (
				D0F7B1C32537D9BA00D7B5D9 /* Sources */,
				D0F7B1C42537D9BA00D7B5D9 /* Frameworks */,
				D0F7B1C52537D9BA00D7B5D9 /* Resources */,
			);
			buildRules = (
			);
			dependencies = (
			);
			name = desafioPickerView;
			productName = desafioPickerView;
			productReference = D0F7B1C72537D9BA00D7B5D9 /* desafioPickerView.app */;
			productType = "com.apple.product-type.application";
		};
/* End PBXNativeTarget section */

/* Begin PBXProject section */
		D0F7B1BF2537D9BA00D7B5D9 /* Project object */ = {
			isa = PBXProject;
			attributes = {
				LastSwiftUpdateCheck = 1200;
				LastUpgradeCheck = 1200;
				TargetAttributes = {
					D0F7B1C62537D9BA00D7B5D9 = {
						CreatedOnToolsVersion = 12.0;
					};
				};
			};
			buildConfigurationList = D0F7B1C22537D9BA00D7B5D9 /* Build configuration list for PBXProject "desafioPickerView" */;
			compatibilityVersion = "Xcode 9.3";
			developmentRegion = en;
			hasScannedForEncodings = 0;
			knownRegions = (
				en,
				Base,
			);
			mainGroup = D0F7B1BE2537D9BA00D7B5D9;
			productRefGroup = D0F7B1C82537D9BA00D7B5D9 /* Products */;
			projectDirPath = "";
			projectRoot = "";
			targets = (
				D0F7B1C62537D9BA00D7B5D9 /* desafioPickerView */,
			);
		};
/* End PBXProject section */

/* Begin PBXResourcesBuildPhase section */
		D0F7B1C52537D9BA00D7B5D9 /* Resources */ = {
			isa = PBXResourcesBuildPhase;
			buildActionMask = 2147483647;
			files = (
				D0F7B1D72537D9BE00D7B5D9 /* LaunchScreen.storyboard in Resources */,
				D0F7B1D42537D9BE00D7B5D9 /* Assets.xcassets in Resources */,
				D0F7B1D22537D9BA00D7B5D9 /* Main.storyboard in Resources */,
			);
			runOnlyForDeploymentPostprocessing = 0;
		};
/* End PBXResourcesBuildPhase section */

/* Begin PBXSourcesBuildPhase section */
		D0F7B1C32537D9BA00D7B5D9 /* Sources */ = {
			isa = PBXSourcesBuildPhase;
			buildActionMask = 2147483647;
			files = (
				D0F7B1CF2537D9BA00D7B5D9 /* ViewController.swift in Sources */,
				D0F7B1E62537DF5F00D7B5D9 /* listTableViewCell.swift in Sources */,
				D0F7B1CB2537D9BA00D7B5D9 /* AppDelegate.swift in Sources */,
				D0F7B1E12537DA3700D7B5D9 /* City.swift in Sources */,
				D0F7B1CD2537D9BA00D7B5D9 /* SceneDelegate.swift in Sources */,
			);
			runOnlyForDeploymentPostprocessing = 0;
		};
/* End PBXSourcesBuildPhase section */

/* Begin PBXVariantGroup section */
		D0F7B1D02537D9BA00D7B5D9 /* Main.storyboard */ = {
			isa = PBXVariantGroup;
			children = (
				D0F7B1D12537D9BA00D7B5D9 /* Base */,
			);
			name = Main.storyboard;
			sourceTree = "<group>";
		};
		D0F7B1D52537D9BE00D7B5D9 /* LaunchScreen.storyboard */ = {
			isa = PBXVariantGroup;
			children = (
				D0F7B1D62537D9BE00D7B5D9 /* Base */,
			);
			name = LaunchScreen.storyboard;
			sourceTree = "<group>";
		};
/* End PBXVariantGroup section */

/* Begin XCBuildConfiguration section */
		D0F7B1D92537D9BE00D7B5D9 /* Debug */ = {
			isa = XCBuildConfiguration;
			buildSettings = {
				ALWAYS_SEARCH_USER_PATHS = NO;
				CLANG_ANALYZER_NONNULL = YES;
				CLANG_ANALYZER_NUMBER_OBJECT_CONVERSION = YES_AGGRESSIVE;
				CLANG_CXX_LANGUAGE_STANDARD = "gnu++14";
				CLANG_CXX_LIBRARY = "libc++";
				CLANG_ENABLE_MODULES = YES;
				CLANG_ENABLE_OBJC_ARC = YES;
				CLANG_ENABLE_OBJC_WEAK = YES;
				CLANG_WARN_BLOCK_CAPTURE_AUTORELEASING = YES;
				CLANG_WARN_BOOL_CONVERSION = YES;
				CLANG_WARN_COMMA = YES;
				CLANG_WARN_CONSTANT_CONVERSION = YES;
				CLANG_WARN_DEPRECATED_OBJC_IMPLEMENTATIONS = YES;
				CLANG_WARN_DIRECT_OBJC_ISA_USAGE = YES_ERROR;
				CLANG_WARN_DOCUMENTATION_COMMENTS = YES;
				CLANG_WARN_EMPTY_BODY = YES;
				CLANG_WARN_ENUM_CONVERSION = YES;
				CLANG_WARN_INFINITE_RECURSION = YES;
				CLANG_WARN_INT_CONVERSION = YES;
				CLANG_WARN_NON_LITERAL_NULL_CONVERSION = YES;
				CLANG_WARN_OBJC_IMPLICIT_RETAIN_SELF = YES;
				CLANG_WARN_OBJC_LITERAL_CONVERSION = YES;
				CLANG_WARN_OBJC_ROOT_CLASS = YES_ERROR;
				CLANG_WARN_QUOTED_INCLUDE_IN_FRAMEWORK_HEADER = YES;
				CLANG_WARN_RANGE_LOOP_ANALYSIS = YES;
				CLANG_WARN_STRICT_PROTOTYPES = YES;
				CLANG_WARN_SUSPICIOUS_MOVE = YES;
				CLANG_WARN_UNGUARDED_AVAILABILITY = YES_AGGRESSIVE;
				CLANG_WARN_UNREACHABLE_CODE = YES;
				CLANG_WARN__DUPLICATE_METHOD_MATCH = YES;
				COPY_PHASE_STRIP = NO;
				DEBUG_INFORMATION_FORMAT = dwarf;
				ENABLE_STRICT_OBJC_MSGSEND = YES;
				ENABLE_TESTABILITY = YES;
				GCC_C_LANGUAGE_STANDARD = gnu11;
				GCC_DYNAMIC_NO_PIC = NO;
				GCC_NO_COMMON_BLOCKS = YES;
				GCC_OPTIMIZATION_LEVEL = 0;
				GCC_PREPROCESSOR_DEFINITIONS = (
					"DEBUG=1",
					"$(inherited)",
				);
				GCC_WARN_64_TO_32_BIT_CONVERSION = YES;
				GCC_WARN_ABOUT_RETURN_TYPE = YES_ERROR;
				GCC_WARN_UNDECLARED_SELECTOR = YES;
				GCC_WARN_UNINITIALIZED_AUTOS = YES_AGGRESSIVE;
				GCC_WARN_UNUSED_FUNCTION = YES;
				GCC_WARN_UNUSED_VARIABLE = YES;
				IPHONEOS_DEPLOYMENT_TARGET = 14.0;
				MTL_ENABLE_DEBUG_INFO = INCLUDE_SOURCE;
				MTL_FAST_MATH = YES;
				ONLY_ACTIVE_ARCH = YES;
				SDKROOT = iphoneos;
				SWIFT_ACTIVE_COMPILATION_CONDITIONS = DEBUG;
				SWIFT_OPTIMIZATION_LEVEL = "-Onone";
			};
			name = Debug;
		};
		D0F7B1DA2537D9BE00D7B5D9 /* Release */ = {
			isa = XCBuildConfiguration;
			buildSettings = {
				ALWAYS_SEARCH_USER_PATHS = NO;
				CLANG_ANALYZER_NONNULL = YES;
				CLANG_ANALYZER_NUMBER_OBJECT_CONVERSION = YES_AGGRESSIVE;
				CLANG_CXX_LANGUAGE_STANDARD = "gnu++14";
				CLANG_CXX_LIBRARY = "libc++";
				CLANG_ENABLE_MODULES = YES;
				CLANG_ENABLE_OBJC_ARC = YES;
				CLANG_ENABLE_OBJC_WEAK = YES;
				CLANG_WARN_BLOCK_CAPTURE_AUTORELEASING = YES;
				CLANG_WARN_BOOL_CONVERSION = YES;
				CLANG_WARN_COMMA = YES;
				CLANG_WARN_CONSTANT_CONVERSION = YES;
				CLANG_WARN_DEPRECATED_OBJC_IMPLEMENTATIONS = YES;
				CLANG_WARN_DIRECT_OBJC_ISA_USAGE = YES_ERROR;
				CLANG_WARN_DOCUMENTATION_COMMENTS = YES;
				CLANG_WARN_EMPTY_BODY = YES;
				CLANG_WARN_ENUM_CONVERSION = YES;
				CLANG_WARN_INFINITE_RECURSION = YES;
				CLANG_WARN_INT_CONVERSION = YES;
				CLANG_WARN_NON_LITERAL_NULL_CONVERSION = YES;
				CLANG_WARN_OBJC_IMPLICIT_RETAIN_SELF = YES;
				CLANG_WARN_OBJC_LITERAL_CONVERSION = YES;
				CLANG_WARN_OBJC_ROOT_CLASS = YES_ERROR;
				CLANG_WARN_QUOTED_INCLUDE_IN_FRAMEWORK_HEADER = YES;
				CLANG_WARN_RANGE_LOOP_ANALYSIS = YES;
				CLANG_WARN_STRICT_PROTOTYPES = YES;
				CLANG_WARN_SUSPICIOUS_MOVE = YES;
				CLANG_WARN_UNGUARDED_AVAILABILITY = YES_AGGRESSIVE;
				CLANG_WARN_UNREACHABLE_CODE = YES;
				CLANG_WARN__DUPLICATE_METHOD_MATCH = YES;
				COPY_PHASE_STRIP = NO;
				DEBUG_INFORMATION_FORMAT = "dwarf-with-dsym";
				ENABLE_NS_ASSERTIONS = NO;
				ENABLE_STRICT_OBJC_MSGSEND = YES;
				GCC_C_LANGUAGE_STANDARD = gnu11;
				GCC_NO_COMMON_BLOCKS = YES;
				GCC_WARN_64_TO_32_BIT_CONVERSION = YES;
				GCC_WARN_ABOUT_RETURN_TYPE = YES_ERROR;
				GCC_WARN_UNDECLARED_SELECTOR = YES;
				GCC_WARN_UNINITIALIZED_AUTOS = YES_AGGRESSIVE;
				GCC_WARN_UNUSED_FUNCTION = YES;
				GCC_WARN_UNUSED_VARIABLE = YES;
				IPHONEOS_DEPLOYMENT_TARGET = 14.0;
				MTL_ENABLE_DEBUG_INFO = NO;
				MTL_FAST_MATH = YES;
				SDKROOT = iphoneos;
				SWIFT_COMPILATION_MODE = wholemodule;
				SWIFT_OPTIMIZATION_LEVEL = "-O";
				VALIDATE_PRODUCT = YES;
			};
			name = Release;
		};
		D0F7B1DC2537D9BE00D7B5D9 /* Debug */ = {
			isa = XCBuildConfiguration;
			buildSettings = {
				ASSETCATALOG_COMPILER_APPICON_NAME = AppIcon;
				ASSETCATALOG_COMPILER_GLOBAL_ACCENT_COLOR_NAME = AccentColor;
				CODE_SIGN_STYLE = Automatic;
				INFOPLIST_FILE = desafioPickerView/Info.plist;
				LD_RUNPATH_SEARCH_PATHS = (
					"$(inherited)",
					"@executable_path/Frameworks",
				);
				PRODUCT_BUNDLE_IDENTIFIER = com.michelsantos.desafioPickerView;
				PRODUCT_NAME = "$(TARGET_NAME)";
				SWIFT_VERSION = 5.0;
				TARGETED_DEVICE_FAMILY = "1,2";
			};
			name = Debug;
		};
		D0F7B1DD2537D9BE00D7B5D9 /* Release */ = {
			isa = XCBuildConfiguration;
			buildSettings = {
				ASSETCATALOG_COMPILER_APPICON_NAME = AppIcon;
				ASSETCATALOG_COMPILER_GLOBAL_ACCENT_COLOR_NAME = AccentColor;
				CODE_SIGN_STYLE = Automatic;
				INFOPLIST_FILE = desafioPickerView/Info.plist;
				LD_RUNPATH_SEARCH_PATHS = (
					"$(inherited)",
					"@executable_path/Frameworks",
				);
				PRODUCT_BUNDLE_IDENTIFIER = com.michelsantos.desafioPickerView;
				PRODUCT_NAME = "$(TARGET_NAME)";
				SWIFT_VERSION = 5.0;
				TARGETED_DEVICE_FAMILY = "1,2";
			};
			name = Release;
		};
/* End XCBuildConfiguration section */

/* Begin XCConfigurationList section */
		D0F7B1C22537D9BA00D7B5D9 /* Build configuration list for PBXProject "desafioPickerView" */ = {
			isa = XCConfigurationList;
			buildConfigurations = (
				D0F7B1D92537D9BE00D7B5D9 /* Debug */,
				D0F7B1DA2537D9BE00D7B5D9 /* Release */,
			);
			defaultConfigurationIsVisible = 0;
			defaultConfigurationName = Release;
		};
		D0F7B1DB2537D9BE00D7B5D9 /* Build configuration list for PBXNativeTarget "desafioPickerView" */ = {
			isa = XCConfigurationList;
			buildConfigurations = (
				D0F7B1DC2537D9BE00D7B5D9 /* Debug */,
				D0F7B1DD2537D9BE00D7B5D9 /* Release */,
			);
			defaultConfigurationIsVisible = 0;
			defaultConfigurationName = Release;
		};
/* End XCConfigurationList section */
	};
	rootObject = D0F7B1BF2537D9BA00D7B5D9 /* Project object */;
}
